// !$*UTF8*$!
{
	archiveVersion = 1;
	classes = {
	};
	objectVersion = 55;
	objects = {

/* Begin PBXBuildFile section */
		723E38169C7019B47C0CB878 /* Pods_ApplicationTests.framework in Frameworks */ = {isa = PBXBuildFile; fileRef = 1FF52B206B6410CE6419C9FD /* Pods_ApplicationTests.framework */; };
		8E37F4A23B08A39B08B86E15 /* Pods_Application.framework in Frameworks */ = {isa = PBXBuildFile; fileRef = A74D012C363A4485DF1D23C8 /* Pods_Application.framework */; };
		9D0AA70B2933C99000373CF1 /* Presentation.framework in Frameworks */ = {isa = PBXBuildFile; fileRef = 9D0AA70A2933C99000373CF1 /* Presentation.framework */; };
		9D0AA70C2933C99000373CF1 /* Presentation.framework in Embed Frameworks */ = {isa = PBXBuildFile; fileRef = 9D0AA70A2933C99000373CF1 /* Presentation.framework */; settings = {ATTRIBUTES = (CodeSignOnCopy, RemoveHeadersOnCopy, ); }; };
		9D0AA7112933CB5600373CF1 /* ApplicationRouter.swift in Sources */ = {isa = PBXBuildFile; fileRef = 9D0AA7102933CB5600373CF1 /* ApplicationRouter.swift */; };
		9D3B9E08291EBA7400D71B30 /* ApplicationApp.swift in Sources */ = {isa = PBXBuildFile; fileRef = 9D3B9E07291EBA7400D71B30 /* ApplicationApp.swift */; };
		9D3B9E0C291EBA7600D71B30 /* Assets.xcassets in Resources */ = {isa = PBXBuildFile; fileRef = 9D3B9E0B291EBA7600D71B30 /* Assets.xcassets */; };
		9D3B9E0F291EBA7600D71B30 /* Preview Assets.xcassets in Resources */ = {isa = PBXBuildFile; fileRef = 9D3B9E0E291EBA7600D71B30 /* Preview Assets.xcassets */; };
		9D3B9E19291EBA7700D71B30 /* ApplicationTests.swift in Sources */ = {isa = PBXBuildFile; fileRef = 9D3B9E18291EBA7700D71B30 /* ApplicationTests.swift */; };
		9D3B9E23291EBA7700D71B30 /* ApplicationUITests.swift in Sources */ = {isa = PBXBuildFile; fileRef = 9D3B9E22291EBA7700D71B30 /* ApplicationUITests.swift */; };
		9D3B9E25291EBA7700D71B30 /* ApplicationUITestsLaunchTests.swift in Sources */ = {isa = PBXBuildFile; fileRef = 9D3B9E24291EBA7700D71B30 /* ApplicationUITestsLaunchTests.swift */; };
		9D416A402932501B00164219 /* WorkoutLogs.framework in Frameworks */ = {isa = PBXBuildFile; fileRef = 9D416A3F2932501B00164219 /* WorkoutLogs.framework */; };
		9D416A412932501B00164219 /* WorkoutLogs.framework in Embed Frameworks */ = {isa = PBXBuildFile; fileRef = 9D416A3F2932501B00164219 /* WorkoutLogs.framework */; settings = {ATTRIBUTES = (CodeSignOnCopy, RemoveHeadersOnCopy, ); }; };
		9DA4789A2932406300082FD1 /* Localizable.strings in Resources */ = {isa = PBXBuildFile; fileRef = 9DA4789C2932406300082FD1 /* Localizable.strings */; };
		9DD305E12932C50C00DF2852 /* WorkoutDetails.framework in Frameworks */ = {isa = PBXBuildFile; fileRef = 9DD305E02932C50C00DF2852 /* WorkoutDetails.framework */; };
		9DD305E22932C50C00DF2852 /* WorkoutDetails.framework in Embed Frameworks */ = {isa = PBXBuildFile; fileRef = 9DD305E02932C50C00DF2852 /* WorkoutDetails.framework */; settings = {ATTRIBUTES = (CodeSignOnCopy, RemoveHeadersOnCopy, ); }; };
		D0E33DB7AC6F07761C3CDC25 /* Pods_ApplicationUITests.framework in Frameworks */ = {isa = PBXBuildFile; fileRef = E2913061BB2CF26D84D3E0DB /* Pods_ApplicationUITests.framework */; };
/* End PBXBuildFile section */

/* Begin PBXContainerItemProxy section */
		9D3B9E15291EBA7700D71B30 /* PBXContainerItemProxy */ = {
			isa = PBXContainerItemProxy;
			containerPortal = 9D3B9DFC291EBA7400D71B30 /* Project object */;
			proxyType = 1;
			remoteGlobalIDString = 9D3B9E03291EBA7400D71B30;
			remoteInfo = Application;
		};
		9D3B9E1F291EBA7700D71B30 /* PBXContainerItemProxy */ = {
			isa = PBXContainerItemProxy;
			containerPortal = 9D3B9DFC291EBA7400D71B30 /* Project object */;
			proxyType = 1;
			remoteGlobalIDString = 9D3B9E03291EBA7400D71B30;
			remoteInfo = Application;
		};
/* End PBXContainerItemProxy section */

/* Begin PBXCopyFilesBuildPhase section */
		9D416A422932501B00164219 /* Embed Frameworks */ = {
			isa = PBXCopyFilesBuildPhase;
			buildActionMask = 2147483647;
			dstPath = "";
			dstSubfolderSpec = 10;
			files = (
				9D416A412932501B00164219 /* WorkoutLogs.framework in Embed Frameworks */,
				9DD305E22932C50C00DF2852 /* WorkoutDetails.framework in Embed Frameworks */,
				9D0AA70C2933C99000373CF1 /* Presentation.framework in Embed Frameworks */,
			);
			name = "Embed Frameworks";
			runOnlyForDeploymentPostprocessing = 0;
		};
/* End PBXCopyFilesBuildPhase section */

/* Begin PBXFileReference section */
		032BDA13DADFE71386F1DD11 /* Pods-ApplicationUITests.debug.xcconfig */ = {isa = PBXFileReference; includeInIndex = 1; lastKnownFileType = text.xcconfig; name = "Pods-ApplicationUITests.debug.xcconfig"; path = "Target Support Files/Pods-ApplicationUITests/Pods-ApplicationUITests.debug.xcconfig"; sourceTree = "<group>"; };
		1D7F8FA497BDB9149E10E6C1 /* Pods-ApplicationTests.release.xcconfig */ = {isa = PBXFileReference; includeInIndex = 1; lastKnownFileType = text.xcconfig; name = "Pods-ApplicationTests.release.xcconfig"; path = "Target Support Files/Pods-ApplicationTests/Pods-ApplicationTests.release.xcconfig"; sourceTree = "<group>"; };
		1FF52B206B6410CE6419C9FD /* Pods_ApplicationTests.framework */ = {isa = PBXFileReference; explicitFileType = wrapper.framework; includeInIndex = 0; path = Pods_ApplicationTests.framework; sourceTree = BUILT_PRODUCTS_DIR; };
		478AAC0E80EC2583F03E5054 /* Pods-Application.debug.xcconfig */ = {isa = PBXFileReference; includeInIndex = 1; lastKnownFileType = text.xcconfig; name = "Pods-Application.debug.xcconfig"; path = "Target Support Files/Pods-Application/Pods-Application.debug.xcconfig"; sourceTree = "<group>"; };
		9D0AA70A2933C99000373CF1 /* Presentation.framework */ = {isa = PBXFileReference; explicitFileType = wrapper.framework; path = Presentation.framework; sourceTree = BUILT_PRODUCTS_DIR; };
		9D0AA7102933CB5600373CF1 /* ApplicationRouter.swift */ = {isa = PBXFileReference; lastKnownFileType = sourcecode.swift; path = ApplicationRouter.swift; sourceTree = "<group>"; };
		9D3B9E04291EBA7400D71B30 /* Application.app */ = {isa = PBXFileReference; explicitFileType = wrapper.application; includeInIndex = 0; path = Application.app; sourceTree = BUILT_PRODUCTS_DIR; };
		9D3B9E07291EBA7400D71B30 /* ApplicationApp.swift */ = {isa = PBXFileReference; lastKnownFileType = sourcecode.swift; path = ApplicationApp.swift; sourceTree = "<group>"; };
		9D3B9E0B291EBA7600D71B30 /* Assets.xcassets */ = {isa = PBXFileReference; lastKnownFileType = folder.assetcatalog; path = Assets.xcassets; sourceTree = "<group>"; };
		9D3B9E0E291EBA7600D71B30 /* Preview Assets.xcassets */ = {isa = PBXFileReference; lastKnownFileType = folder.assetcatalog; path = "Preview Assets.xcassets"; sourceTree = "<group>"; };
		9D3B9E14291EBA7700D71B30 /* ApplicationTests.xctest */ = {isa = PBXFileReference; explicitFileType = wrapper.cfbundle; includeInIndex = 0; path = ApplicationTests.xctest; sourceTree = BUILT_PRODUCTS_DIR; };
		9D3B9E18291EBA7700D71B30 /* ApplicationTests.swift */ = {isa = PBXFileReference; lastKnownFileType = sourcecode.swift; path = ApplicationTests.swift; sourceTree = "<group>"; };
		9D3B9E1E291EBA7700D71B30 /* ApplicationUITests.xctest */ = {isa = PBXFileReference; explicitFileType = wrapper.cfbundle; includeInIndex = 0; path = ApplicationUITests.xctest; sourceTree = BUILT_PRODUCTS_DIR; };
		9D3B9E22291EBA7700D71B30 /* ApplicationUITests.swift */ = {isa = PBXFileReference; lastKnownFileType = sourcecode.swift; path = ApplicationUITests.swift; sourceTree = "<group>"; };
		9D3B9E24291EBA7700D71B30 /* ApplicationUITestsLaunchTests.swift */ = {isa = PBXFileReference; lastKnownFileType = sourcecode.swift; path = ApplicationUITestsLaunchTests.swift; sourceTree = "<group>"; };
		9D416A3F2932501B00164219 /* WorkoutLogs.framework */ = {isa = PBXFileReference; explicitFileType = wrapper.framework; path = WorkoutLogs.framework; sourceTree = BUILT_PRODUCTS_DIR; };
		9DA4789B2932406300082FD1 /* en */ = {isa = PBXFileReference; lastKnownFileType = text.plist.strings; name = en; path = en.lproj/Localizable.strings; sourceTree = "<group>"; };
		9DD305E02932C50C00DF2852 /* WorkoutDetails.framework */ = {isa = PBXFileReference; explicitFileType = wrapper.framework; path = WorkoutDetails.framework; sourceTree = BUILT_PRODUCTS_DIR; };
		A74D012C363A4485DF1D23C8 /* Pods_Application.framework */ = {isa = PBXFileReference; explicitFileType = wrapper.framework; includeInIndex = 0; path = Pods_Application.framework; sourceTree = BUILT_PRODUCTS_DIR; };
		BFE86A06868F1B306D799DBE /* Pods-ApplicationUITests.release.xcconfig */ = {isa = PBXFileReference; includeInIndex = 1; lastKnownFileType = text.xcconfig; name = "Pods-ApplicationUITests.release.xcconfig"; path = "Target Support Files/Pods-ApplicationUITests/Pods-ApplicationUITests.release.xcconfig"; sourceTree = "<group>"; };
		DB7404A9663655AE93895D6C /* Pods-ApplicationTests.debug.xcconfig */ = {isa = PBXFileReference; includeInIndex = 1; lastKnownFileType = text.xcconfig; name = "Pods-ApplicationTests.debug.xcconfig"; path = "Target Support Files/Pods-ApplicationTests/Pods-ApplicationTests.debug.xcconfig"; sourceTree = "<group>"; };
		E19171211C0F6EEE41B09C22 /* Pods-Application.release.xcconfig */ = {isa = PBXFileReference; includeInIndex = 1; lastKnownFileType = text.xcconfig; name = "Pods-Application.release.xcconfig"; path = "Target Support Files/Pods-Application/Pods-Application.release.xcconfig"; sourceTree = "<group>"; };
		E2913061BB2CF26D84D3E0DB /* Pods_ApplicationUITests.framework */ = {isa = PBXFileReference; explicitFileType = wrapper.framework; includeInIndex = 0; path = Pods_ApplicationUITests.framework; sourceTree = BUILT_PRODUCTS_DIR; };
/* End PBXFileReference section */

/* Begin PBXFrameworksBuildPhase section */
		9D3B9E01291EBA7400D71B30 /* Frameworks */ = {
			isa = PBXFrameworksBuildPhase;
			buildActionMask = 2147483647;
			files = (
				8E37F4A23B08A39B08B86E15 /* Pods_Application.framework in Frameworks */,
				9DD305E12932C50C00DF2852 /* WorkoutDetails.framework in Frameworks */,
				9D0AA70B2933C99000373CF1 /* Presentation.framework in Frameworks */,
				9D416A402932501B00164219 /* WorkoutLogs.framework in Frameworks */,
			);
			runOnlyForDeploymentPostprocessing = 0;
		};
		9D3B9E11291EBA7700D71B30 /* Frameworks */ = {
			isa = PBXFrameworksBuildPhase;
			buildActionMask = 2147483647;
			files = (
				723E38169C7019B47C0CB878 /* Pods_ApplicationTests.framework in Frameworks */,
			);
			runOnlyForDeploymentPostprocessing = 0;
		};
		9D3B9E1B291EBA7700D71B30 /* Frameworks */ = {
			isa = PBXFrameworksBuildPhase;
			buildActionMask = 2147483647;
			files = (
				D0E33DB7AC6F07761C3CDC25 /* Pods_ApplicationUITests.framework in Frameworks */,
			);
			runOnlyForDeploymentPostprocessing = 0;
		};
/* End PBXFrameworksBuildPhase section */

/* Begin PBXGroup section */
		85087F7EF1D529233AF8AE92 /* Pods */ = {
			isa = PBXGroup;
			children = (
				478AAC0E80EC2583F03E5054 /* Pods-Application.debug.xcconfig */,
				E19171211C0F6EEE41B09C22 /* Pods-Application.release.xcconfig */,
				DB7404A9663655AE93895D6C /* Pods-ApplicationTests.debug.xcconfig */,
				1D7F8FA497BDB9149E10E6C1 /* Pods-ApplicationTests.release.xcconfig */,
				032BDA13DADFE71386F1DD11 /* Pods-ApplicationUITests.debug.xcconfig */,
				BFE86A06868F1B306D799DBE /* Pods-ApplicationUITests.release.xcconfig */,
			);
			name = Pods;
			path = ../Pods;
			sourceTree = "<group>";
		};
		9D3B9DFB291EBA7400D71B30 = {
			isa = PBXGroup;
			children = (
				9D3B9E06291EBA7400D71B30 /* Application */,
				9D3B9E17291EBA7700D71B30 /* ApplicationTests */,
				9D3B9E21291EBA7700D71B30 /* ApplicationUITests */,
				9D3B9E05291EBA7400D71B30 /* Products */,
				85087F7EF1D529233AF8AE92 /* Pods */,
				B810A21EEF15F384C200A846 /* Frameworks */,
			);
			sourceTree = "<group>";
		};
		9D3B9E05291EBA7400D71B30 /* Products */ = {
			isa = PBXGroup;
			children = (
				9D3B9E04291EBA7400D71B30 /* Application.app */,
				9D3B9E14291EBA7700D71B30 /* ApplicationTests.xctest */,
				9D3B9E1E291EBA7700D71B30 /* ApplicationUITests.xctest */,
			);
			name = Products;
			sourceTree = "<group>";
		};
		9D3B9E06291EBA7400D71B30 /* Application */ = {
			isa = PBXGroup;
			children = (
				9D8BED1B29324B0500B00CBE /* Resources */,
				9D3B9E07291EBA7400D71B30 /* ApplicationApp.swift */,
				9D0AA7102933CB5600373CF1 /* ApplicationRouter.swift */,
			);
			path = Application;
			sourceTree = "<group>";
		};
		9D3B9E0D291EBA7600D71B30 /* Preview Content */ = {
			isa = PBXGroup;
			children = (
				9D3B9E0E291EBA7600D71B30 /* Preview Assets.xcassets */,
			);
			path = "Preview Content";
			sourceTree = "<group>";
		};
		9D3B9E17291EBA7700D71B30 /* ApplicationTests */ = {
			isa = PBXGroup;
			children = (
				9D3B9E18291EBA7700D71B30 /* ApplicationTests.swift */,
			);
			path = ApplicationTests;
			sourceTree = "<group>";
		};
		9D3B9E21291EBA7700D71B30 /* ApplicationUITests */ = {
			isa = PBXGroup;
			children = (
				9D3B9E22291EBA7700D71B30 /* ApplicationUITests.swift */,
				9D3B9E24291EBA7700D71B30 /* ApplicationUITestsLaunchTests.swift */,
			);
			path = ApplicationUITests;
			sourceTree = "<group>";
		};
		9D8BED1B29324B0500B00CBE /* Resources */ = {
			isa = PBXGroup;
			children = (
				9D3B9E0D291EBA7600D71B30 /* Preview Content */,
				9D3B9E0B291EBA7600D71B30 /* Assets.xcassets */,
				9DA4789C2932406300082FD1 /* Localizable.strings */,
			);
			path = Resources;
			sourceTree = "<group>";
		};
		B810A21EEF15F384C200A846 /* Frameworks */ = {
			isa = PBXGroup;
			children = (
				9D0AA70A2933C99000373CF1 /* Presentation.framework */,
				9DD305E02932C50C00DF2852 /* WorkoutDetails.framework */,
				9D416A3F2932501B00164219 /* WorkoutLogs.framework */,
				A74D012C363A4485DF1D23C8 /* Pods_Application.framework */,
				1FF52B206B6410CE6419C9FD /* Pods_ApplicationTests.framework */,
				E2913061BB2CF26D84D3E0DB /* Pods_ApplicationUITests.framework */,
			);
			name = Frameworks;
			sourceTree = "<group>";
		};
/* End PBXGroup section */

/* Begin PBXNativeTarget section */
		9D3B9E03291EBA7400D71B30 /* Application */ = {
			isa = PBXNativeTarget;
			buildConfigurationList = 9D3B9E28291EBA7700D71B30 /* Build configuration list for PBXNativeTarget "Application" */;
			buildPhases = (
				E90725DA888EFAF317CCED04 /* [CP] Check Pods Manifest.lock */,
				9D3B9E00291EBA7400D71B30 /* Sources */,
				9D3B9E01291EBA7400D71B30 /* Frameworks */,
				9D3B9E02291EBA7400D71B30 /* Resources */,
				9D416A422932501B00164219 /* Embed Frameworks */,
			);
			buildRules = (
			);
			dependencies = (
			);
			name = Application;
			productName = Application;
			productReference = 9D3B9E04291EBA7400D71B30 /* Application.app */;
			productType = "com.apple.product-type.application";
		};
		9D3B9E13291EBA7700D71B30 /* ApplicationTests */ = {
			isa = PBXNativeTarget;
			buildConfigurationList = 9D3B9E2B291EBA7700D71B30 /* Build configuration list for PBXNativeTarget "ApplicationTests" */;
			buildPhases = (
				183393778E458C82F2C11726 /* [CP] Check Pods Manifest.lock */,
				9D3B9E10291EBA7700D71B30 /* Sources */,
				9D3B9E11291EBA7700D71B30 /* Frameworks */,
				9D3B9E12291EBA7700D71B30 /* Resources */,
			);
			buildRules = (
			);
			dependencies = (
				9D3B9E16291EBA7700D71B30 /* PBXTargetDependency */,
			);
			name = ApplicationTests;
			productName = ApplicationTests;
			productReference = 9D3B9E14291EBA7700D71B30 /* ApplicationTests.xctest */;
			productType = "com.apple.product-type.bundle.unit-test";
		};
		9D3B9E1D291EBA7700D71B30 /* ApplicationUITests */ = {
			isa = PBXNativeTarget;
			buildConfigurationList = 9D3B9E2E291EBA7700D71B30 /* Build configuration list for PBXNativeTarget "ApplicationUITests" */;
			buildPhases = (
				798B8B98A6AAAE60D0350A94 /* [CP] Check Pods Manifest.lock */,
				9D3B9E1A291EBA7700D71B30 /* Sources */,
				9D3B9E1B291EBA7700D71B30 /* Frameworks */,
				9D3B9E1C291EBA7700D71B30 /* Resources */,
			);
			buildRules = (
			);
			dependencies = (
				9D3B9E20291EBA7700D71B30 /* PBXTargetDependency */,
			);
			name = ApplicationUITests;
			productName = ApplicationUITests;
			productReference = 9D3B9E1E291EBA7700D71B30 /* ApplicationUITests.xctest */;
			productType = "com.apple.product-type.bundle.ui-testing";
		};
/* End PBXNativeTarget section */

/* Begin PBXProject section */
		9D3B9DFC291EBA7400D71B30 /* Project object */ = {
			isa = PBXProject;
			attributes = {
				BuildIndependentTargetsInParallel = 1;
				LastSwiftUpdateCheck = 1400;
				LastUpgradeCheck = 1400;
				TargetAttributes = {
					9D3B9E03291EBA7400D71B30 = {
						CreatedOnToolsVersion = 14.0.1;
					};
					9D3B9E13291EBA7700D71B30 = {
						CreatedOnToolsVersion = 14.0.1;
						TestTargetID = 9D3B9E03291EBA7400D71B30;
					};
					9D3B9E1D291EBA7700D71B30 = {
						CreatedOnToolsVersion = 14.0.1;
						TestTargetID = 9D3B9E03291EBA7400D71B30;
					};
				};
			};
			buildConfigurationList = 9D3B9DFF291EBA7400D71B30 /* Build configuration list for PBXProject "Application" */;
			compatibilityVersion = "Xcode 13.0";
			developmentRegion = en;
			hasScannedForEncodings = 0;
			knownRegions = (
				en,
				Base,
			);
			mainGroup = 9D3B9DFB291EBA7400D71B30;
			productRefGroup = 9D3B9E05291EBA7400D71B30 /* Products */;
			projectDirPath = "";
			projectRoot = "";
			targets = (
				9D3B9E03291EBA7400D71B30 /* Application */,
				9D3B9E13291EBA7700D71B30 /* ApplicationTests */,
				9D3B9E1D291EBA7700D71B30 /* ApplicationUITests */,
			);
		};
/* End PBXProject section */

/* Begin PBXResourcesBuildPhase section */
		9D3B9E02291EBA7400D71B30 /* Resources */ = {
			isa = PBXResourcesBuildPhase;
			buildActionMask = 2147483647;
			files = (
				9D3B9E0F291EBA7600D71B30 /* Preview Assets.xcassets in Resources */,
				9DA4789A2932406300082FD1 /* Localizable.strings in Resources */,
				9D3B9E0C291EBA7600D71B30 /* Assets.xcassets in Resources */,
			);
			runOnlyForDeploymentPostprocessing = 0;
		};
		9D3B9E12291EBA7700D71B30 /* Resources */ = {
			isa = PBXResourcesBuildPhase;
			buildActionMask = 2147483647;
			files = (
			);
			runOnlyForDeploymentPostprocessing = 0;
		};
		9D3B9E1C291EBA7700D71B30 /* Resources */ = {
			isa = PBXResourcesBuildPhase;
			buildActionMask = 2147483647;
			files = (
			);
			runOnlyForDeploymentPostprocessing = 0;
		};
/* End PBXResourcesBuildPhase section */

/* Begin PBXShellScriptBuildPhase section */
		183393778E458C82F2C11726 /* [CP] Check Pods Manifest.lock */ = {
			isa = PBXShellScriptBuildPhase;
			buildActionMask = 2147483647;
			files = (
			);
			inputFileListPaths = (
			);
			inputPaths = (
				"${PODS_PODFILE_DIR_PATH}/Podfile.lock",
				"${PODS_ROOT}/Manifest.lock",
			);
			name = "[CP] Check Pods Manifest.lock";
			outputFileListPaths = (
			);
			outputPaths = (
				"$(DERIVED_FILE_DIR)/Pods-ApplicationTests-checkManifestLockResult.txt",
			);
			runOnlyForDeploymentPostprocessing = 0;
			shellPath = /bin/sh;
			shellScript = "diff \"${PODS_PODFILE_DIR_PATH}/Podfile.lock\" \"${PODS_ROOT}/Manifest.lock\" > /dev/null\nif [ $? != 0 ] ; then\n    # print error to STDERR\n    echo \"error: The sandbox is not in sync with the Podfile.lock. Run 'pod install' or update your CocoaPods installation.\" >&2\n    exit 1\nfi\n# This output is used by Xcode 'outputs' to avoid re-running this script phase.\necho \"SUCCESS\" > \"${SCRIPT_OUTPUT_FILE_0}\"\n";
			showEnvVarsInLog = 0;
		};
		798B8B98A6AAAE60D0350A94 /* [CP] Check Pods Manifest.lock */ = {
			isa = PBXShellScriptBuildPhase;
			buildActionMask = 2147483647;
			files = (
			);
			inputFileListPaths = (
			);
			inputPaths = (
				"${PODS_PODFILE_DIR_PATH}/Podfile.lock",
				"${PODS_ROOT}/Manifest.lock",
			);
			name = "[CP] Check Pods Manifest.lock";
			outputFileListPaths = (
			);
			outputPaths = (
				"$(DERIVED_FILE_DIR)/Pods-ApplicationUITests-checkManifestLockResult.txt",
			);
			runOnlyForDeploymentPostprocessing = 0;
			shellPath = /bin/sh;
			shellScript = "diff \"${PODS_PODFILE_DIR_PATH}/Podfile.lock\" \"${PODS_ROOT}/Manifest.lock\" > /dev/null\nif [ $? != 0 ] ; then\n    # print error to STDERR\n    echo \"error: The sandbox is not in sync with the Podfile.lock. Run 'pod install' or update your CocoaPods installation.\" >&2\n    exit 1\nfi\n# This output is used by Xcode 'outputs' to avoid re-running this script phase.\necho \"SUCCESS\" > \"${SCRIPT_OUTPUT_FILE_0}\"\n";
			showEnvVarsInLog = 0;
		};
		E90725DA888EFAF317CCED04 /* [CP] Check Pods Manifest.lock */ = {
			isa = PBXShellScriptBuildPhase;
			buildActionMask = 2147483647;
			files = (
			);
			inputFileListPaths = (
			);
			inputPaths = (
				"${PODS_PODFILE_DIR_PATH}/Podfile.lock",
				"${PODS_ROOT}/Manifest.lock",
			);
			name = "[CP] Check Pods Manifest.lock";
			outputFileListPaths = (
			);
			outputPaths = (
				"$(DERIVED_FILE_DIR)/Pods-Application-checkManifestLockResult.txt",
			);
			runOnlyForDeploymentPostprocessing = 0;
			shellPath = /bin/sh;
			shellScript = "diff \"${PODS_PODFILE_DIR_PATH}/Podfile.lock\" \"${PODS_ROOT}/Manifest.lock\" > /dev/null\nif [ $? != 0 ] ; then\n    # print error to STDERR\n    echo \"error: The sandbox is not in sync with the Podfile.lock. Run 'pod install' or update your CocoaPods installation.\" >&2\n    exit 1\nfi\n# This output is used by Xcode 'outputs' to avoid re-running this script phase.\necho \"SUCCESS\" > \"${SCRIPT_OUTPUT_FILE_0}\"\n";
			showEnvVarsInLog = 0;
		};
/* End PBXShellScriptBuildPhase section */

/* Begin PBXSourcesBuildPhase section */
		9D3B9E00291EBA7400D71B30 /* Sources */ = {
			isa = PBXSourcesBuildPhase;
			buildActionMask = 2147483647;
			files = (
				9D3B9E08291EBA7400D71B30 /* ApplicationApp.swift in Sources */,
				9D0AA7112933CB5600373CF1 /* ApplicationRouter.swift in Sources */,
			);
			runOnlyForDeploymentPostprocessing = 0;
		};
		9D3B9E10291EBA7700D71B30 /* Sources */ = {
			isa = PBXSourcesBuildPhase;
			buildActionMask = 2147483647;
			files = (
				9D3B9E19291EBA7700D71B30 /* ApplicationTests.swift in Sources */,
			);
			runOnlyForDeploymentPostprocessing = 0;
		};
		9D3B9E1A291EBA7700D71B30 /* Sources */ = {
			isa = PBXSourcesBuildPhase;
			buildActionMask = 2147483647;
			files = (
				9D3B9E23291EBA7700D71B30 /* ApplicationUITests.swift in Sources */,
				9D3B9E25291EBA7700D71B30 /* ApplicationUITestsLaunchTests.swift in Sources */,
			);
			runOnlyForDeploymentPostprocessing = 0;
		};
/* End PBXSourcesBuildPhase section */

/* Begin PBXTargetDependency section */
		9D3B9E16291EBA7700D71B30 /* PBXTargetDependency */ = {
			isa = PBXTargetDependency;
			target = 9D3B9E03291EBA7400D71B30 /* Application */;
			targetProxy = 9D3B9E15291EBA7700D71B30 /* PBXContainerItemProxy */;
		};
		9D3B9E20291EBA7700D71B30 /* PBXTargetDependency */ = {
			isa = PBXTargetDependency;
			target = 9D3B9E03291EBA7400D71B30 /* Application */;
			targetProxy = 9D3B9E1F291EBA7700D71B30 /* PBXContainerItemProxy */;
		};
/* End PBXTargetDependency section */

/* Begin PBXVariantGroup section */
		9DA4789C2932406300082FD1 /* Localizable.strings */ = {
			isa = PBXVariantGroup;
			children = (
				9DA4789B2932406300082FD1 /* en */,
			);
			name = Localizable.strings;
			sourceTree = "<group>";
		};
/* End PBXVariantGroup section */

/* Begin XCBuildConfiguration section */
		9D3B9E26291EBA7700D71B30 /* Debug */ = {
			isa = XCBuildConfiguration;
			buildSettings = {
				ALWAYS_SEARCH_USER_PATHS = NO;
				CLANG_ANALYZER_NONNULL = YES;
				CLANG_ANALYZER_NUMBER_OBJECT_CONVERSION = YES_AGGRESSIVE;
				CLANG_CXX_LANGUAGE_STANDARD = "gnu++20";
				CLANG_ENABLE_MODULES = YES;
				CLANG_ENABLE_OBJC_ARC = YES;
				CLANG_ENABLE_OBJC_WEAK = YES;
				CLANG_WARN_BLOCK_CAPTURE_AUTORELEASING = YES;
				CLANG_WARN_BOOL_CONVERSION = YES;
				CLANG_WARN_COMMA = YES;
				CLANG_WARN_CONSTANT_CONVERSION = YES;
				CLANG_WARN_DEPRECATED_OBJC_IMPLEMENTATIONS = YES;
				CLANG_WARN_DIRECT_OBJC_ISA_USAGE = YES_ERROR;
				CLANG_WARN_DOCUMENTATION_COMMENTS = YES;
				CLANG_WARN_EMPTY_BODY = YES;
				CLANG_WARN_ENUM_CONVERSION = YES;
				CLANG_WARN_INFINITE_RECURSION = YES;
				CLANG_WARN_INT_CONVERSION = YES;
				CLANG_WARN_NON_LITERAL_NULL_CONVERSION = YES;
				CLANG_WARN_OBJC_IMPLICIT_RETAIN_SELF = YES;
				CLANG_WARN_OBJC_LITERAL_CONVERSION = YES;
				CLANG_WARN_OBJC_ROOT_CLASS = YES_ERROR;
				CLANG_WARN_QUOTED_INCLUDE_IN_FRAMEWORK_HEADER = YES;
				CLANG_WARN_RANGE_LOOP_ANALYSIS = YES;
				CLANG_WARN_STRICT_PROTOTYPES = YES;
				CLANG_WARN_SUSPICIOUS_MOVE = YES;
				CLANG_WARN_UNGUARDED_AVAILABILITY = YES_AGGRESSIVE;
				CLANG_WARN_UNREACHABLE_CODE = YES;
				CLANG_WARN__DUPLICATE_METHOD_MATCH = YES;
				COPY_PHASE_STRIP = NO;
				DEBUG_INFORMATION_FORMAT = dwarf;
				ENABLE_STRICT_OBJC_MSGSEND = YES;
				ENABLE_TESTABILITY = YES;
				GCC_C_LANGUAGE_STANDARD = gnu11;
				GCC_DYNAMIC_NO_PIC = NO;
				GCC_NO_COMMON_BLOCKS = YES;
				GCC_OPTIMIZATION_LEVEL = 0;
				GCC_PREPROCESSOR_DEFINITIONS = (
					"DEBUG=1",
					"$(inherited)",
				);
				GCC_WARN_64_TO_32_BIT_CONVERSION = YES;
				GCC_WARN_ABOUT_RETURN_TYPE = YES_ERROR;
				GCC_WARN_UNDECLARED_SELECTOR = YES;
				GCC_WARN_UNINITIALIZED_AUTOS = YES_AGGRESSIVE;
				GCC_WARN_UNUSED_FUNCTION = YES;
				GCC_WARN_UNUSED_VARIABLE = YES;
				IPHONEOS_DEPLOYMENT_TARGET = 16.0;
				MTL_ENABLE_DEBUG_INFO = INCLUDE_SOURCE;
				MTL_FAST_MATH = YES;
				ONLY_ACTIVE_ARCH = YES;
				SDKROOT = iphoneos;
				SWIFT_ACTIVE_COMPILATION_CONDITIONS = DEBUG;
				SWIFT_OPTIMIZATION_LEVEL = "-Onone";
			};
			name = Debug;
		};
		9D3B9E27291EBA7700D71B30 /* Release */ = {
			isa = XCBuildConfiguration;
			buildSettings = {
				ALWAYS_SEARCH_USER_PATHS = NO;
				CLANG_ANALYZER_NONNULL = YES;
				CLANG_ANALYZER_NUMBER_OBJECT_CONVERSION = YES_AGGRESSIVE;
				CLANG_CXX_LANGUAGE_STANDARD = "gnu++20";
				CLANG_ENABLE_MODULES = YES;
				CLANG_ENABLE_OBJC_ARC = YES;
				CLANG_ENABLE_OBJC_WEAK = YES;
				CLANG_WARN_BLOCK_CAPTURE_AUTORELEASING = YES;
				CLANG_WARN_BOOL_CONVERSION = YES;
				CLANG_WARN_COMMA = YES;
				CLANG_WARN_CONSTANT_CONVERSION = YES;
				CLANG_WARN_DEPRECATED_OBJC_IMPLEMENTATIONS = YES;
				CLANG_WARN_DIRECT_OBJC_ISA_USAGE = YES_ERROR;
				CLANG_WARN_DOCUMENTATION_COMMENTS = YES;
				CLANG_WARN_EMPTY_BODY = YES;
				CLANG_WARN_ENUM_CONVERSION = YES;
				CLANG_WARN_INFINITE_RECURSION = YES;
				CLANG_WARN_INT_CONVERSION = YES;
				CLANG_WARN_NON_LITERAL_NULL_CONVERSION = YES;
				CLANG_WARN_OBJC_IMPLICIT_RETAIN_SELF = YES;
				CLANG_WARN_OBJC_LITERAL_CONVERSION = YES;
				CLANG_WARN_OBJC_ROOT_CLASS = YES_ERROR;
				CLANG_WARN_QUOTED_INCLUDE_IN_FRAMEWORK_HEADER = YES;
				CLANG_WARN_RANGE_LOOP_ANALYSIS = YES;
				CLANG_WARN_STRICT_PROTOTYPES = YES;
				CLANG_WARN_SUSPICIOUS_MOVE = YES;
				CLANG_WARN_UNGUARDED_AVAILABILITY = YES_AGGRESSIVE;
				CLANG_WARN_UNREACHABLE_CODE = YES;
				CLANG_WARN__DUPLICATE_METHOD_MATCH = YES;
				COPY_PHASE_STRIP = NO;
				DEBUG_INFORMATION_FORMAT = "dwarf-with-dsym";
				ENABLE_NS_ASSERTIONS = NO;
				ENABLE_STRICT_OBJC_MSGSEND = YES;
				GCC_C_LANGUAGE_STANDARD = gnu11;
				GCC_NO_COMMON_BLOCKS = YES;
				GCC_WARN_64_TO_32_BIT_CONVERSION = YES;
				GCC_WARN_ABOUT_RETURN_TYPE = YES_ERROR;
				GCC_WARN_UNDECLARED_SELECTOR = YES;
				GCC_WARN_UNINITIALIZED_AUTOS = YES_AGGRESSIVE;
				GCC_WARN_UNUSED_FUNCTION = YES;
				GCC_WARN_UNUSED_VARIABLE = YES;
				IPHONEOS_DEPLOYMENT_TARGET = 16.0;
				MTL_ENABLE_DEBUG_INFO = NO;
				MTL_FAST_MATH = YES;
				SDKROOT = iphoneos;
				SWIFT_COMPILATION_MODE = wholemodule;
				SWIFT_OPTIMIZATION_LEVEL = "-O";
				VALIDATE_PRODUCT = YES;
			};
			name = Release;
		};
		9D3B9E29291EBA7700D71B30 /* Debug */ = {
			isa = XCBuildConfiguration;
			baseConfigurationReference = 478AAC0E80EC2583F03E5054 /* Pods-Application.debug.xcconfig */;
			buildSettings = {
				ASSETCATALOG_COMPILER_APPICON_NAME = AppIcon;
				ASSETCATALOG_COMPILER_GLOBAL_ACCENT_COLOR_NAME = AccentColor;
				CODE_SIGN_STYLE = Automatic;
				CURRENT_PROJECT_VERSION = 1;
				DEVELOPMENT_ASSET_PATHS = "Application/Resources/Preview\\ Content/Preview\\ Assets.xcassets";
				DEVELOPMENT_TEAM = 9JVYUSJU3D;
				ENABLE_PREVIEWS = YES;
				GENERATE_INFOPLIST_FILE = YES;
				INFOPLIST_KEY_UIApplicationSceneManifest_Generation = YES;
				INFOPLIST_KEY_UIApplicationSupportsIndirectInputEvents = YES;
				INFOPLIST_KEY_UILaunchScreen_Generation = YES;
				INFOPLIST_KEY_UISupportedInterfaceOrientations_iPad = "UIInterfaceOrientationPortrait UIInterfaceOrientationPortraitUpsideDown UIInterfaceOrientationLandscapeLeft UIInterfaceOrientationLandscapeRight";
				INFOPLIST_KEY_UISupportedInterfaceOrientations_iPhone = "UIInterfaceOrientationPortrait UIInterfaceOrientationLandscapeLeft UIInterfaceOrientationLandscapeRight";
				LD_RUNPATH_SEARCH_PATHS = (
					"$(inherited)",
					"@executable_path/Frameworks",
				);
				MARKETING_VERSION = 1.0;
				PRODUCT_BUNDLE_IDENTIFIER = com.marekloose.Application;
				PRODUCT_NAME = "$(TARGET_NAME)";
				SWIFT_EMIT_LOC_STRINGS = YES;
				SWIFT_VERSION = 5.0;
				TARGETED_DEVICE_FAMILY = "1,2";
			};
			name = Debug;
		};
		9D3B9E2A291EBA7700D71B30 /* Release */ = {
			isa = XCBuildConfiguration;
			baseConfigurationReference = E19171211C0F6EEE41B09C22 /* Pods-Application.release.xcconfig */;
			buildSettings = {
				ASSETCATALOG_COMPILER_APPICON_NAME = AppIcon;
				ASSETCATALOG_COMPILER_GLOBAL_ACCENT_COLOR_NAME = AccentColor;
				CODE_SIGN_STYLE = Automatic;
				CURRENT_PROJECT_VERSION = 1;
				DEVELOPMENT_ASSET_PATHS = "Application/Resources/Preview\\ Content/Preview\\ Assets.xcassets";
				DEVELOPMENT_TEAM = 9JVYUSJU3D;
				ENABLE_PREVIEWS = YES;
				GENERATE_INFOPLIST_FILE = YES;
				INFOPLIST_KEY_UIApplicationSceneManifest_Generation = YES;
				INFOPLIST_KEY_UIApplicationSupportsIndirectInputEvents = YES;
				INFOPLIST_KEY_UILaunchScreen_Generation = YES;
				INFOPLIST_KEY_UISupportedInterfaceOrientations_iPad = "UIInterfaceOrientationPortrait UIInterfaceOrientationPortraitUpsideDown UIInterfaceOrientationLandscapeLeft UIInterfaceOrientationLandscapeRight";
				INFOPLIST_KEY_UISupportedInterfaceOrientations_iPhone = "UIInterfaceOrientationPortrait UIInterfaceOrientationLandscapeLeft UIInterfaceOrientationLandscapeRight";
				LD_RUNPATH_SEARCH_PATHS = (
					"$(inherited)",
					"@executable_path/Frameworks",
				);
				MARKETING_VERSION = 1.0;
				PRODUCT_BUNDLE_IDENTIFIER = com.marekloose.Application;
				PRODUCT_NAME = "$(TARGET_NAME)";
				SWIFT_EMIT_LOC_STRINGS = YES;
				SWIFT_VERSION = 5.0;
				TARGETED_DEVICE_FAMILY = "1,2";
			};
			name = Release;
		};
		9D3B9E2C291EBA7700D71B30 /* Debug */ = {
			isa = XCBuildConfiguration;
			baseConfigurationReference = DB7404A9663655AE93895D6C /* Pods-ApplicationTests.debug.xcconfig */;
			buildSettings = {
				ALWAYS_EMBED_SWIFT_STANDARD_LIBRARIES = YES;
				BUNDLE_LOADER = "$(TEST_HOST)";
				CODE_SIGN_STYLE = Automatic;
				CURRENT_PROJECT_VERSION = 1;
				DEVELOPMENT_TEAM = 9JVYUSJU3D;
				GENERATE_INFOPLIST_FILE = YES;
				IPHONEOS_DEPLOYMENT_TARGET = 16.0;
				MARKETING_VERSION = 1.0;
				PRODUCT_BUNDLE_IDENTIFIER = com.marekloose.ApplicationTests;
				PRODUCT_NAME = "$(TARGET_NAME)";
				SWIFT_EMIT_LOC_STRINGS = NO;
				SWIFT_VERSION = 5.0;
				TARGETED_DEVICE_FAMILY = "1,2";
				TEST_HOST = "$(BUILT_PRODUCTS_DIR)/Application.app/$(BUNDLE_EXECUTABLE_FOLDER_PATH)/Application";
			};
			name = Debug;
		};
		9D3B9E2D291EBA7700D71B30 /* Release */ = {
			isa = XCBuildConfiguration;
			baseConfigurationReference = 1D7F8FA497BDB9149E10E6C1 /* Pods-ApplicationTests.release.xcconfig */;
			buildSettings = {
				ALWAYS_EMBED_SWIFT_STANDARD_LIBRARIES = YES;
				BUNDLE_LOADER = "$(TEST_HOST)";
				CODE_SIGN_STYLE = Automatic;
				CURRENT_PROJECT_VERSION = 1;
				DEVELOPMENT_TEAM = 9JVYUSJU3D;
				GENERATE_INFOPLIST_FILE = YES;
				IPHONEOS_DEPLOYMENT_TARGET = 16.0;
				MARKETING_VERSION = 1.0;
				PRODUCT_BUNDLE_IDENTIFIER = com.marekloose.ApplicationTests;
				PRODUCT_NAME = "$(TARGET_NAME)";
				SWIFT_EMIT_LOC_STRINGS = NO;
				SWIFT_VERSION = 5.0;
				TARGETED_DEVICE_FAMILY = "1,2";
				TEST_HOST = "$(BUILT_PRODUCTS_DIR)/Application.app/$(BUNDLE_EXECUTABLE_FOLDER_PATH)/Application";
			};
			name = Release;
		};
		9D3B9E2F291EBA7700D71B30 /* Debug */ = {
			isa = XCBuildConfiguration;
			baseConfigurationReference = 032BDA13DADFE71386F1DD11 /* Pods-ApplicationUITests.debug.xcconfig */;
			buildSettings = {
				ALWAYS_EMBED_SWIFT_STANDARD_LIBRARIES = YES;
				CODE_SIGN_STYLE = Automatic;
				CURRENT_PROJECT_VERSION = 1;
				DEVELOPMENT_TEAM = 9JVYUSJU3D;
				GENERATE_INFOPLIST_FILE = YES;
				MARKETING_VERSION = 1.0;
				PRODUCT_BUNDLE_IDENTIFIER = com.marekloose.ApplicationUITests;
				PRODUCT_NAME = "$(TARGET_NAME)";
				SWIFT_EMIT_LOC_STRINGS = NO;
				SWIFT_VERSION = 5.0;
				TARGETED_DEVICE_FAMILY = "1,2";
				TEST_TARGET_NAME = Application;
			};
			name = Debug;
		};
		9D3B9E30291EBA7700D71B30 /* Release */ = {
			isa = XCBuildConfiguration;
			baseConfigurationReference = BFE86A06868F1B306D799DBE /* Pods-ApplicationUITests.release.xcconfig */;
			buildSettings = {
				ALWAYS_EMBED_SWIFT_STANDARD_LIBRARIES = YES;
				CODE_SIGN_STYLE = Automatic;
				CURRENT_PROJECT_VERSION = 1;
				DEVELOPMENT_TEAM = 9JVYUSJU3D;
				GENERATE_INFOPLIST_FILE = YES;
				MARKETING_VERSION = 1.0;
				PRODUCT_BUNDLE_IDENTIFIER = com.marekloose.ApplicationUITests;
				PRODUCT_NAME = "$(TARGET_NAME)";
				SWIFT_EMIT_LOC_STRINGS = NO;
				SWIFT_VERSION = 5.0;
				TARGETED_DEVICE_FAMILY = "1,2";
				TEST_TARGET_NAME = Application;
			};
			name = Release;
		};
/* End XCBuildConfiguration section */

/* Begin XCConfigurationList section */
		9D3B9DFF291EBA7400D71B30 /* Build configuration list for PBXProject "Application" */ = {
			isa = XCConfigurationList;
			buildConfigurations = (
				9D3B9E26291EBA7700D71B30 /* Debug */,
				9D3B9E27291EBA7700D71B30 /* Release */,
			);
			defaultConfigurationIsVisible = 0;
			defaultConfigurationName = Release;
		};
		9D3B9E28291EBA7700D71B30 /* Build configuration list for PBXNativeTarget "Application" */ = {
			isa = XCConfigurationList;
			buildConfigurations = (
				9D3B9E29291EBA7700D71B30 /* Debug */,
				9D3B9E2A291EBA7700D71B30 /* Release */,
			);
			defaultConfigurationIsVisible = 0;
			defaultConfigurationName = Release;
		};
		9D3B9E2B291EBA7700D71B30 /* Build configuration list for PBXNativeTarget "ApplicationTests" */ = {
			isa = XCConfigurationList;
			buildConfigurations = (
				9D3B9E2C291EBA7700D71B30 /* Debug */,
				9D3B9E2D291EBA7700D71B30 /* Release */,
			);
			defaultConfigurationIsVisible = 0;
			defaultConfigurationName = Release;
		};
		9D3B9E2E291EBA7700D71B30 /* Build configuration list for PBXNativeTarget "ApplicationUITests" */ = {
			isa = XCConfigurationList;
			buildConfigurations = (
				9D3B9E2F291EBA7700D71B30 /* Debug */,
				9D3B9E30291EBA7700D71B30 /* Release */,
			);
			defaultConfigurationIsVisible = 0;
			defaultConfigurationName = Release;
		};
/* End XCConfigurationList section */
	};
	rootObject = 9D3B9DFC291EBA7400D71B30 /* Project object */;
}
