// !$*UTF8*$!
{
	archiveVersion = 1;
	classes = {
	};
	objectVersion = 55;
	objects = {

/* Begin PBXBuildFile section */
		4CBA6B65FF0C7502BE9BB8DB /* Pods_WorkoutLogsDemo.framework in Frameworks */ = {isa = PBXBuildFile; fileRef = 111E9053D9E7B34E082F2B61 /* Pods_WorkoutLogsDemo.framework */; };
		9699E9DD47C2176DF03A5AAE /* Pods_WorkoutLogsTests.framework in Frameworks */ = {isa = PBXBuildFile; fileRef = 5F8ED0B9B4B739F9508A05CF /* Pods_WorkoutLogsTests.framework */; };
		9D8747F7292A539000E994D8 /* WorkoutLogs.framework in Frameworks */ = {isa = PBXBuildFile; fileRef = 9D8747EE292A539000E994D8 /* WorkoutLogs.framework */; };
		9D8747FC292A539000E994D8 /* WorkoutLogsTests.swift in Sources */ = {isa = PBXBuildFile; fileRef = 9D8747FB292A539000E994D8 /* WorkoutLogsTests.swift */; };
		9D8747FD292A539000E994D8 /* WorkoutLogs.h in Headers */ = {isa = PBXBuildFile; fileRef = 9D8747F1292A539000E994D8 /* WorkoutLogs.h */; settings = {ATTRIBUTES = (Public, ); }; };
		9D87480D292A53F600E994D8 /* WorkoutLogsSnapshotTests.swift in Sources */ = {isa = PBXBuildFile; fileRef = 9D87480C292A53F600E994D8 /* WorkoutLogsSnapshotTests.swift */; };
		9D87480E292A53F600E994D8 /* WorkoutLogs.framework in Frameworks */ = {isa = PBXBuildFile; fileRef = 9D8747EE292A539000E994D8 /* WorkoutLogs.framework */; };
		9D87481B292A54C100E994D8 /* WorkoutLogsDemoApp.swift in Sources */ = {isa = PBXBuildFile; fileRef = 9D87481A292A54C100E994D8 /* WorkoutLogsDemoApp.swift */; };
		9D87481D292A54C100E994D8 /* ContentView.swift in Sources */ = {isa = PBXBuildFile; fileRef = 9D87481C292A54C100E994D8 /* ContentView.swift */; };
		9D87481F292A54C200E994D8 /* Assets.xcassets in Resources */ = {isa = PBXBuildFile; fileRef = 9D87481E292A54C200E994D8 /* Assets.xcassets */; };
		9D874823292A54C200E994D8 /* Preview Assets.xcassets in Resources */ = {isa = PBXBuildFile; fileRef = 9D874822292A54C200E994D8 /* Preview Assets.xcassets */; };
		A1E66FB7C22C7B192A14FD1A /* Pods_WorkoutLogs.framework in Frameworks */ = {isa = PBXBuildFile; fileRef = 10DE6CAE8C419AAA6B744435 /* Pods_WorkoutLogs.framework */; };
		DCBA97D63CC45D113C5513EB /* Pods_WorkoutLogsSnapshotTests.framework in Frameworks */ = {isa = PBXBuildFile; fileRef = 96AD187F1F6ACCA3E902E6FB /* Pods_WorkoutLogsSnapshotTests.framework */; };
/* End PBXBuildFile section */

/* Begin PBXContainerItemProxy section */
		9D8747F8292A539000E994D8 /* PBXContainerItemProxy */ = {
			isa = PBXContainerItemProxy;
			containerPortal = 9D8747E5292A539000E994D8 /* Project object */;
			proxyType = 1;
			remoteGlobalIDString = 9D8747ED292A539000E994D8;
			remoteInfo = WorkoutLogs;
		};
		9D87480F292A53F600E994D8 /* PBXContainerItemProxy */ = {
			isa = PBXContainerItemProxy;
			containerPortal = 9D8747E5292A539000E994D8 /* Project object */;
			proxyType = 1;
			remoteGlobalIDString = 9D8747ED292A539000E994D8;
			remoteInfo = WorkoutLogs;
		};
/* End PBXContainerItemProxy section */

/* Begin PBXFileReference section */
		10DE6CAE8C419AAA6B744435 /* Pods_WorkoutLogs.framework */ = {isa = PBXFileReference; explicitFileType = wrapper.framework; includeInIndex = 0; path = Pods_WorkoutLogs.framework; sourceTree = BUILT_PRODUCTS_DIR; };
		111E9053D9E7B34E082F2B61 /* Pods_WorkoutLogsDemo.framework */ = {isa = PBXFileReference; explicitFileType = wrapper.framework; includeInIndex = 0; path = Pods_WorkoutLogsDemo.framework; sourceTree = BUILT_PRODUCTS_DIR; };
		3CEBBAB96E0E343C02396E81 /* Pods-WorkoutLogs.release.xcconfig */ = {isa = PBXFileReference; includeInIndex = 1; lastKnownFileType = text.xcconfig; name = "Pods-WorkoutLogs.release.xcconfig"; path = "Target Support Files/Pods-WorkoutLogs/Pods-WorkoutLogs.release.xcconfig"; sourceTree = "<group>"; };
		408236376ED6CA4DB1D704B1 /* Pods-WorkoutLogsTests.release.xcconfig */ = {isa = PBXFileReference; includeInIndex = 1; lastKnownFileType = text.xcconfig; name = "Pods-WorkoutLogsTests.release.xcconfig"; path = "Target Support Files/Pods-WorkoutLogsTests/Pods-WorkoutLogsTests.release.xcconfig"; sourceTree = "<group>"; };
		459F3D2636A73F4C45E582A0 /* Pods-WorkoutLogsDemo.release.xcconfig */ = {isa = PBXFileReference; includeInIndex = 1; lastKnownFileType = text.xcconfig; name = "Pods-WorkoutLogsDemo.release.xcconfig"; path = "Target Support Files/Pods-WorkoutLogsDemo/Pods-WorkoutLogsDemo.release.xcconfig"; sourceTree = "<group>"; };
		4C065AD5594313DF6D9444D3 /* Pods-WorkoutLogsTests.debug.xcconfig */ = {isa = PBXFileReference; includeInIndex = 1; lastKnownFileType = text.xcconfig; name = "Pods-WorkoutLogsTests.debug.xcconfig"; path = "Target Support Files/Pods-WorkoutLogsTests/Pods-WorkoutLogsTests.debug.xcconfig"; sourceTree = "<group>"; };
		5F8ED0B9B4B739F9508A05CF /* Pods_WorkoutLogsTests.framework */ = {isa = PBXFileReference; explicitFileType = wrapper.framework; includeInIndex = 0; path = Pods_WorkoutLogsTests.framework; sourceTree = BUILT_PRODUCTS_DIR; };
		96AD187F1F6ACCA3E902E6FB /* Pods_WorkoutLogsSnapshotTests.framework */ = {isa = PBXFileReference; explicitFileType = wrapper.framework; includeInIndex = 0; path = Pods_WorkoutLogsSnapshotTests.framework; sourceTree = BUILT_PRODUCTS_DIR; };
		9D8747EE292A539000E994D8 /* WorkoutLogs.framework */ = {isa = PBXFileReference; explicitFileType = wrapper.framework; includeInIndex = 0; path = WorkoutLogs.framework; sourceTree = BUILT_PRODUCTS_DIR; };
		9D8747F1292A539000E994D8 /* WorkoutLogs.h */ = {isa = PBXFileReference; lastKnownFileType = sourcecode.c.h; path = WorkoutLogs.h; sourceTree = "<group>"; };
		9D8747F6292A539000E994D8 /* WorkoutLogsTests.xctest */ = {isa = PBXFileReference; explicitFileType = wrapper.cfbundle; includeInIndex = 0; path = WorkoutLogsTests.xctest; sourceTree = BUILT_PRODUCTS_DIR; };
		9D8747FB292A539000E994D8 /* WorkoutLogsTests.swift */ = {isa = PBXFileReference; lastKnownFileType = sourcecode.swift; path = WorkoutLogsTests.swift; sourceTree = "<group>"; };
		9D87480A292A53F600E994D8 /* WorkoutLogsSnapshotTests.xctest */ = {isa = PBXFileReference; explicitFileType = wrapper.cfbundle; includeInIndex = 0; path = WorkoutLogsSnapshotTests.xctest; sourceTree = BUILT_PRODUCTS_DIR; };
		9D87480C292A53F600E994D8 /* WorkoutLogsSnapshotTests.swift */ = {isa = PBXFileReference; lastKnownFileType = sourcecode.swift; path = WorkoutLogsSnapshotTests.swift; sourceTree = "<group>"; };
		9D874818292A54C100E994D8 /* WorkoutLogsDemo.app */ = {isa = PBXFileReference; explicitFileType = wrapper.application; includeInIndex = 0; path = WorkoutLogsDemo.app; sourceTree = BUILT_PRODUCTS_DIR; };
		9D87481A292A54C100E994D8 /* WorkoutLogsDemoApp.swift */ = {isa = PBXFileReference; lastKnownFileType = sourcecode.swift; path = WorkoutLogsDemoApp.swift; sourceTree = "<group>"; };
		9D87481C292A54C100E994D8 /* ContentView.swift */ = {isa = PBXFileReference; lastKnownFileType = sourcecode.swift; path = ContentView.swift; sourceTree = "<group>"; };
		9D87481E292A54C200E994D8 /* Assets.xcassets */ = {isa = PBXFileReference; lastKnownFileType = folder.assetcatalog; path = Assets.xcassets; sourceTree = "<group>"; };
		9D874820292A54C200E994D8 /* WorkoutLogsDemo.entitlements */ = {isa = PBXFileReference; lastKnownFileType = text.plist.entitlements; path = WorkoutLogsDemo.entitlements; sourceTree = "<group>"; };
		9D874822292A54C200E994D8 /* Preview Assets.xcassets */ = {isa = PBXFileReference; lastKnownFileType = folder.assetcatalog; path = "Preview Assets.xcassets"; sourceTree = "<group>"; };
		B15D4067A2181E9EBDFBF0B2 /* Pods-WorkoutLogsSnapshotTests.release.xcconfig */ = {isa = PBXFileReference; includeInIndex = 1; lastKnownFileType = text.xcconfig; name = "Pods-WorkoutLogsSnapshotTests.release.xcconfig"; path = "Target Support Files/Pods-WorkoutLogsSnapshotTests/Pods-WorkoutLogsSnapshotTests.release.xcconfig"; sourceTree = "<group>"; };
		DE944A165DCEDD7CC5F3AEB8 /* Pods-WorkoutLogs.debug.xcconfig */ = {isa = PBXFileReference; includeInIndex = 1; lastKnownFileType = text.xcconfig; name = "Pods-WorkoutLogs.debug.xcconfig"; path = "Target Support Files/Pods-WorkoutLogs/Pods-WorkoutLogs.debug.xcconfig"; sourceTree = "<group>"; };
		FA2349AC436AC1454AD33B21 /* Pods-WorkoutLogsSnapshotTests.debug.xcconfig */ = {isa = PBXFileReference; includeInIndex = 1; lastKnownFileType = text.xcconfig; name = "Pods-WorkoutLogsSnapshotTests.debug.xcconfig"; path = "Target Support Files/Pods-WorkoutLogsSnapshotTests/Pods-WorkoutLogsSnapshotTests.debug.xcconfig"; sourceTree = "<group>"; };
		FC567B1479EBA035872BE92E /* Pods-WorkoutLogsDemo.debug.xcconfig */ = {isa = PBXFileReference; includeInIndex = 1; lastKnownFileType = text.xcconfig; name = "Pods-WorkoutLogsDemo.debug.xcconfig"; path = "Target Support Files/Pods-WorkoutLogsDemo/Pods-WorkoutLogsDemo.debug.xcconfig"; sourceTree = "<group>"; };
/* End PBXFileReference section */

/* Begin PBXFrameworksBuildPhase section */
		9D8747EB292A539000E994D8 /* Frameworks */ = {
			isa = PBXFrameworksBuildPhase;
			buildActionMask = 2147483647;
			files = (
				A1E66FB7C22C7B192A14FD1A /* Pods_WorkoutLogs.framework in Frameworks */,
			);
			runOnlyForDeploymentPostprocessing = 0;
		};
		9D8747F3292A539000E994D8 /* Frameworks */ = {
			isa = PBXFrameworksBuildPhase;
			buildActionMask = 2147483647;
			files = (
				9D8747F7292A539000E994D8 /* WorkoutLogs.framework in Frameworks */,
				9699E9DD47C2176DF03A5AAE /* Pods_WorkoutLogsTests.framework in Frameworks */,
			);
			runOnlyForDeploymentPostprocessing = 0;
		};
		9D874807292A53F600E994D8 /* Frameworks */ = {
			isa = PBXFrameworksBuildPhase;
			buildActionMask = 2147483647;
			files = (
				9D87480E292A53F600E994D8 /* WorkoutLogs.framework in Frameworks */,
				DCBA97D63CC45D113C5513EB /* Pods_WorkoutLogsSnapshotTests.framework in Frameworks */,
			);
			runOnlyForDeploymentPostprocessing = 0;
		};
		9D874815292A54C100E994D8 /* Frameworks */ = {
			isa = PBXFrameworksBuildPhase;
			buildActionMask = 2147483647;
			files = (
				4CBA6B65FF0C7502BE9BB8DB /* Pods_WorkoutLogsDemo.framework in Frameworks */,
			);
			runOnlyForDeploymentPostprocessing = 0;
		};
/* End PBXFrameworksBuildPhase section */

/* Begin PBXGroup section */
		420EDFEA91A82A0EFE728C0F /* Pods */ = {
			isa = PBXGroup;
			children = (
				DE944A165DCEDD7CC5F3AEB8 /* Pods-WorkoutLogs.debug.xcconfig */,
				3CEBBAB96E0E343C02396E81 /* Pods-WorkoutLogs.release.xcconfig */,
				FC567B1479EBA035872BE92E /* Pods-WorkoutLogsDemo.debug.xcconfig */,
				459F3D2636A73F4C45E582A0 /* Pods-WorkoutLogsDemo.release.xcconfig */,
				FA2349AC436AC1454AD33B21 /* Pods-WorkoutLogsSnapshotTests.debug.xcconfig */,
				B15D4067A2181E9EBDFBF0B2 /* Pods-WorkoutLogsSnapshotTests.release.xcconfig */,
				4C065AD5594313DF6D9444D3 /* Pods-WorkoutLogsTests.debug.xcconfig */,
				408236376ED6CA4DB1D704B1 /* Pods-WorkoutLogsTests.release.xcconfig */,
			);
			name = Pods;
			path = ../../Pods;
			sourceTree = "<group>";
		};
		99A0A9AAB88E0A7A9ED44FC7 /* Frameworks */ = {
			isa = PBXGroup;
			children = (
				10DE6CAE8C419AAA6B744435 /* Pods_WorkoutLogs.framework */,
				111E9053D9E7B34E082F2B61 /* Pods_WorkoutLogsDemo.framework */,
				96AD187F1F6ACCA3E902E6FB /* Pods_WorkoutLogsSnapshotTests.framework */,
				5F8ED0B9B4B739F9508A05CF /* Pods_WorkoutLogsTests.framework */,
			);
			name = Frameworks;
			sourceTree = "<group>";
		};
		9D8747E4292A539000E994D8 = {
			isa = PBXGroup;
			children = (
				9D8747F0292A539000E994D8 /* WorkoutLogs */,
				9D874819292A54C100E994D8 /* WorkoutLogsDemo */,
				9D8747FA292A539000E994D8 /* WorkoutLogsTests */,
				9D87480B292A53F600E994D8 /* WorkoutLogsSnapshotTests */,
				9D8747EF292A539000E994D8 /* Products */,
				420EDFEA91A82A0EFE728C0F /* Pods */,
				99A0A9AAB88E0A7A9ED44FC7 /* Frameworks */,
			);
			sourceTree = "<group>";
		};
		9D8747EF292A539000E994D8 /* Products */ = {
			isa = PBXGroup;
			children = (
				9D8747EE292A539000E994D8 /* WorkoutLogs.framework */,
				9D8747F6292A539000E994D8 /* WorkoutLogsTests.xctest */,
				9D87480A292A53F600E994D8 /* WorkoutLogsSnapshotTests.xctest */,
				9D874818292A54C100E994D8 /* WorkoutLogsDemo.app */,
			);
			name = Products;
			sourceTree = "<group>";
		};
		9D8747F0292A539000E994D8 /* WorkoutLogs */ = {
			isa = PBXGroup;
			children = (
				9D8747F1292A539000E994D8 /* WorkoutLogs.h */,
			);
			path = WorkoutLogs;
			sourceTree = "<group>";
		};
		9D8747FA292A539000E994D8 /* WorkoutLogsTests */ = {
			isa = PBXGroup;
			children = (
				9D8747FB292A539000E994D8 /* WorkoutLogsTests.swift */,
			);
			path = WorkoutLogsTests;
			sourceTree = "<group>";
		};
		9D87480B292A53F600E994D8 /* WorkoutLogsSnapshotTests */ = {
			isa = PBXGroup;
			children = (
				9D87480C292A53F600E994D8 /* WorkoutLogsSnapshotTests.swift */,
			);
			path = WorkoutLogsSnapshotTests;
			sourceTree = "<group>";
		};
		9D874819292A54C100E994D8 /* WorkoutLogsDemo */ = {
			isa = PBXGroup;
			children = (
				9D87481A292A54C100E994D8 /* WorkoutLogsDemoApp.swift */,
				9D87481C292A54C100E994D8 /* ContentView.swift */,
				9D87481E292A54C200E994D8 /* Assets.xcassets */,
				9D874820292A54C200E994D8 /* WorkoutLogsDemo.entitlements */,
				9D874821292A54C200E994D8 /* Preview Content */,
			);
			path = WorkoutLogsDemo;
			sourceTree = "<group>";
		};
		9D874821292A54C200E994D8 /* Preview Content */ = {
			isa = PBXGroup;
			children = (
				9D874822292A54C200E994D8 /* Preview Assets.xcassets */,
			);
			path = "Preview Content";
			sourceTree = "<group>";
		};
/* End PBXGroup section */

/* Begin PBXHeadersBuildPhase section */
		9D8747E9292A539000E994D8 /* Headers */ = {
			isa = PBXHeadersBuildPhase;
			buildActionMask = 2147483647;
			files = (
				9D8747FD292A539000E994D8 /* WorkoutLogs.h in Headers */,
			);
			runOnlyForDeploymentPostprocessing = 0;
		};
/* End PBXHeadersBuildPhase section */

/* Begin PBXNativeTarget section */
		9D8747ED292A539000E994D8 /* WorkoutLogs */ = {
			isa = PBXNativeTarget;
			buildConfigurationList = 9D874800292A539000E994D8 /* Build configuration list for PBXNativeTarget "WorkoutLogs" */;
			buildPhases = (
				8A19E868AA2AFA24A9DEE6B6 /* [CP] Check Pods Manifest.lock */,
				9D8747E9292A539000E994D8 /* Headers */,
				9D8747EA292A539000E994D8 /* Sources */,
				9D8747EB292A539000E994D8 /* Frameworks */,
				9D8747EC292A539000E994D8 /* Resources */,
			);
			buildRules = (
			);
			dependencies = (
			);
			name = WorkoutLogs;
			productName = WorkoutLogs;
			productReference = 9D8747EE292A539000E994D8 /* WorkoutLogs.framework */;
			productType = "com.apple.product-type.framework";
		};
		9D8747F5292A539000E994D8 /* WorkoutLogsTests */ = {
			isa = PBXNativeTarget;
			buildConfigurationList = 9D874803292A539000E994D8 /* Build configuration list for PBXNativeTarget "WorkoutLogsTests" */;
			buildPhases = (
				8CD375D9AABC323C5BCB5DA9 /* [CP] Check Pods Manifest.lock */,
				9D8747F2292A539000E994D8 /* Sources */,
				9D8747F3292A539000E994D8 /* Frameworks */,
				9D8747F4292A539000E994D8 /* Resources */,
			);
			buildRules = (
			);
			dependencies = (
				9D8747F9292A539000E994D8 /* PBXTargetDependency */,
			);
			name = WorkoutLogsTests;
			productName = WorkoutLogsTests;
			productReference = 9D8747F6292A539000E994D8 /* WorkoutLogsTests.xctest */;
			productType = "com.apple.product-type.bundle.unit-test";
		};
		9D874809292A53F600E994D8 /* WorkoutLogsSnapshotTests */ = {
			isa = PBXNativeTarget;
			buildConfigurationList = 9D874811292A53F600E994D8 /* Build configuration list for PBXNativeTarget "WorkoutLogsSnapshotTests" */;
			buildPhases = (
				017D723EFBDB020834B37209 /* [CP] Check Pods Manifest.lock */,
				9D874806292A53F600E994D8 /* Sources */,
				9D874807292A53F600E994D8 /* Frameworks */,
				9D874808292A53F600E994D8 /* Resources */,
				8992FBF8D18EEFE64D3E9DF7 /* [CP] Embed Pods Frameworks */,
			);
			buildRules = (
			);
			dependencies = (
				9D874810292A53F600E994D8 /* PBXTargetDependency */,
			);
			name = WorkoutLogsSnapshotTests;
			productName = WorkoutLogsSnapshotTests;
			productReference = 9D87480A292A53F600E994D8 /* WorkoutLogsSnapshotTests.xctest */;
			productType = "com.apple.product-type.bundle.unit-test";
		};
		9D874817292A54C100E994D8 /* WorkoutLogsDemo */ = {
			isa = PBXNativeTarget;
			buildConfigurationList = 9D874824292A54C200E994D8 /* Build configuration list for PBXNativeTarget "WorkoutLogsDemo" */;
			buildPhases = (
				9D1DDC550AEEDE1C166924F9 /* [CP] Check Pods Manifest.lock */,
				9D874814292A54C100E994D8 /* Sources */,
				9D874815292A54C100E994D8 /* Frameworks */,
				9D874816292A54C100E994D8 /* Resources */,
			);
			buildRules = (
			);
			dependencies = (
			);
			name = WorkoutLogsDemo;
			productName = WorkoutLogsDemo;
			productReference = 9D874818292A54C100E994D8 /* WorkoutLogsDemo.app */;
			productType = "com.apple.product-type.application";
		};
/* End PBXNativeTarget section */

/* Begin PBXProject section */
		9D8747E5292A539000E994D8 /* Project object */ = {
			isa = PBXProject;
			attributes = {
				BuildIndependentTargetsInParallel = 1;
				LastSwiftUpdateCheck = 1400;
				LastUpgradeCheck = 1400;
				TargetAttributes = {
					9D8747ED292A539000E994D8 = {
						CreatedOnToolsVersion = 14.0.1;
					};
					9D8747F5292A539000E994D8 = {
						CreatedOnToolsVersion = 14.0.1;
					};
					9D874809292A53F600E994D8 = {
						CreatedOnToolsVersion = 14.0.1;
					};
					9D874817292A54C100E994D8 = {
						CreatedOnToolsVersion = 14.0.1;
					};
				};
			};
			buildConfigurationList = 9D8747E8292A539000E994D8 /* Build configuration list for PBXProject "WorkoutLogs" */;
			compatibilityVersion = "Xcode 13.0";
			developmentRegion = en;
			hasScannedForEncodings = 0;
			knownRegions = (
				en,
				Base,
			);
			mainGroup = 9D8747E4292A539000E994D8;
			productRefGroup = 9D8747EF292A539000E994D8 /* Products */;
			projectDirPath = "";
			projectRoot = "";
			targets = (
				9D8747ED292A539000E994D8 /* WorkoutLogs */,
				9D874817292A54C100E994D8 /* WorkoutLogsDemo */,
				9D8747F5292A539000E994D8 /* WorkoutLogsTests */,
				9D874809292A53F600E994D8 /* WorkoutLogsSnapshotTests */,
			);
		};
/* End PBXProject section */

/* Begin PBXResourcesBuildPhase section */
		9D8747EC292A539000E994D8 /* Resources */ = {
			isa = PBXResourcesBuildPhase;
			buildActionMask = 2147483647;
			files = (
			);
			runOnlyForDeploymentPostprocessing = 0;
		};
		9D8747F4292A539000E994D8 /* Resources */ = {
			isa = PBXResourcesBuildPhase;
			buildActionMask = 2147483647;
			files = (
			);
			runOnlyForDeploymentPostprocessing = 0;
		};
		9D874808292A53F600E994D8 /* Resources */ = {
			isa = PBXResourcesBuildPhase;
			buildActionMask = 2147483647;
			files = (
			);
			runOnlyForDeploymentPostprocessing = 0;
		};
		9D874816292A54C100E994D8 /* Resources */ = {
			isa = PBXResourcesBuildPhase;
			buildActionMask = 2147483647;
			files = (
				9D874823292A54C200E994D8 /* Preview Assets.xcassets in Resources */,
				9D87481F292A54C200E994D8 /* Assets.xcassets in Resources */,
			);
			runOnlyForDeploymentPostprocessing = 0;
		};
/* End PBXResourcesBuildPhase section */

/* Begin PBXShellScriptBuildPhase section */
		017D723EFBDB020834B37209 /* [CP] Check Pods Manifest.lock */ = {
			isa = PBXShellScriptBuildPhase;
			buildActionMask = 2147483647;
			files = (
			);
			inputFileListPaths = (
			);
			inputPaths = (
				"${PODS_PODFILE_DIR_PATH}/Podfile.lock",
				"${PODS_ROOT}/Manifest.lock",
			);
			name = "[CP] Check Pods Manifest.lock";
			outputFileListPaths = (
			);
			outputPaths = (
				"$(DERIVED_FILE_DIR)/Pods-WorkoutLogsSnapshotTests-checkManifestLockResult.txt",
			);
			runOnlyForDeploymentPostprocessing = 0;
			shellPath = /bin/sh;
			shellScript = "diff \"${PODS_PODFILE_DIR_PATH}/Podfile.lock\" \"${PODS_ROOT}/Manifest.lock\" > /dev/null\nif [ $? != 0 ] ; then\n    # print error to STDERR\n    echo \"error: The sandbox is not in sync with the Podfile.lock. Run 'pod install' or update your CocoaPods installation.\" >&2\n    exit 1\nfi\n# This output is used by Xcode 'outputs' to avoid re-running this script phase.\necho \"SUCCESS\" > \"${SCRIPT_OUTPUT_FILE_0}\"\n";
			showEnvVarsInLog = 0;
		};
		8992FBF8D18EEFE64D3E9DF7 /* [CP] Embed Pods Frameworks */ = {
			isa = PBXShellScriptBuildPhase;
			buildActionMask = 2147483647;
			files = (
			);
			inputFileListPaths = (
				"${PODS_ROOT}/Target Support Files/Pods-WorkoutLogsSnapshotTests/Pods-WorkoutLogsSnapshotTests-frameworks-${CONFIGURATION}-input-files.xcfilelist",
			);
			name = "[CP] Embed Pods Frameworks";
			outputFileListPaths = (
				"${PODS_ROOT}/Target Support Files/Pods-WorkoutLogsSnapshotTests/Pods-WorkoutLogsSnapshotTests-frameworks-${CONFIGURATION}-output-files.xcfilelist",
			);
			runOnlyForDeploymentPostprocessing = 0;
			shellPath = /bin/sh;
			shellScript = "\"${PODS_ROOT}/Target Support Files/Pods-WorkoutLogsSnapshotTests/Pods-WorkoutLogsSnapshotTests-frameworks.sh\"\n";
			showEnvVarsInLog = 0;
		};
		8A19E868AA2AFA24A9DEE6B6 /* [CP] Check Pods Manifest.lock */ = {
			isa = PBXShellScriptBuildPhase;
			buildActionMask = 2147483647;
			files = (
			);
			inputFileListPaths = (
			);
			inputPaths = (
				"${PODS_PODFILE_DIR_PATH}/Podfile.lock",
				"${PODS_ROOT}/Manifest.lock",
			);
			name = "[CP] Check Pods Manifest.lock";
			outputFileListPaths = (
			);
			outputPaths = (
				"$(DERIVED_FILE_DIR)/Pods-WorkoutLogs-checkManifestLockResult.txt",
			);
			runOnlyForDeploymentPostprocessing = 0;
			shellPath = /bin/sh;
			shellScript = "diff \"${PODS_PODFILE_DIR_PATH}/Podfile.lock\" \"${PODS_ROOT}/Manifest.lock\" > /dev/null\nif [ $? != 0 ] ; then\n    # print error to STDERR\n    echo \"error: The sandbox is not in sync with the Podfile.lock. Run 'pod install' or update your CocoaPods installation.\" >&2\n    exit 1\nfi\n# This output is used by Xcode 'outputs' to avoid re-running this script phase.\necho \"SUCCESS\" > \"${SCRIPT_OUTPUT_FILE_0}\"\n";
			showEnvVarsInLog = 0;
		};
		8CD375D9AABC323C5BCB5DA9 /* [CP] Check Pods Manifest.lock */ = {
			isa = PBXShellScriptBuildPhase;
			buildActionMask = 2147483647;
			files = (
			);
			inputFileListPaths = (
			);
			inputPaths = (
				"${PODS_PODFILE_DIR_PATH}/Podfile.lock",
				"${PODS_ROOT}/Manifest.lock",
			);
			name = "[CP] Check Pods Manifest.lock";
			outputFileListPaths = (
			);
			outputPaths = (
				"$(DERIVED_FILE_DIR)/Pods-WorkoutLogsTests-checkManifestLockResult.txt",
			);
			runOnlyForDeploymentPostprocessing = 0;
			shellPath = /bin/sh;
			shellScript = "diff \"${PODS_PODFILE_DIR_PATH}/Podfile.lock\" \"${PODS_ROOT}/Manifest.lock\" > /dev/null\nif [ $? != 0 ] ; then\n    # print error to STDERR\n    echo \"error: The sandbox is not in sync with the Podfile.lock. Run 'pod install' or update your CocoaPods installation.\" >&2\n    exit 1\nfi\n# This output is used by Xcode 'outputs' to avoid re-running this script phase.\necho \"SUCCESS\" > \"${SCRIPT_OUTPUT_FILE_0}\"\n";
			showEnvVarsInLog = 0;
		};
		9D1DDC550AEEDE1C166924F9 /* [CP] Check Pods Manifest.lock */ = {
			isa = PBXShellScriptBuildPhase;
			buildActionMask = 2147483647;
			files = (
			);
			inputFileListPaths = (
			);
			inputPaths = (
				"${PODS_PODFILE_DIR_PATH}/Podfile.lock",
				"${PODS_ROOT}/Manifest.lock",
			);
			name = "[CP] Check Pods Manifest.lock";
			outputFileListPaths = (
			);
			outputPaths = (
				"$(DERIVED_FILE_DIR)/Pods-WorkoutLogsDemo-checkManifestLockResult.txt",
			);
			runOnlyForDeploymentPostprocessing = 0;
			shellPath = /bin/sh;
			shellScript = "diff \"${PODS_PODFILE_DIR_PATH}/Podfile.lock\" \"${PODS_ROOT}/Manifest.lock\" > /dev/null\nif [ $? != 0 ] ; then\n    # print error to STDERR\n    echo \"error: The sandbox is not in sync with the Podfile.lock. Run 'pod install' or update your CocoaPods installation.\" >&2\n    exit 1\nfi\n# This output is used by Xcode 'outputs' to avoid re-running this script phase.\necho \"SUCCESS\" > \"${SCRIPT_OUTPUT_FILE_0}\"\n";
			showEnvVarsInLog = 0;
		};
/* End PBXShellScriptBuildPhase section */

/* Begin PBXSourcesBuildPhase section */
		9D8747EA292A539000E994D8 /* Sources */ = {
			isa = PBXSourcesBuildPhase;
			buildActionMask = 2147483647;
			files = (
			);
			runOnlyForDeploymentPostprocessing = 0;
		};
		9D8747F2292A539000E994D8 /* Sources */ = {
			isa = PBXSourcesBuildPhase;
			buildActionMask = 2147483647;
			files = (
				9D8747FC292A539000E994D8 /* WorkoutLogsTests.swift in Sources */,
			);
			runOnlyForDeploymentPostprocessing = 0;
		};
		9D874806292A53F600E994D8 /* Sources */ = {
			isa = PBXSourcesBuildPhase;
			buildActionMask = 2147483647;
			files = (
				9D87480D292A53F600E994D8 /* WorkoutLogsSnapshotTests.swift in Sources */,
			);
			runOnlyForDeploymentPostprocessing = 0;
		};
		9D874814292A54C100E994D8 /* Sources */ = {
			isa = PBXSourcesBuildPhase;
			buildActionMask = 2147483647;
			files = (
				9D87481D292A54C100E994D8 /* ContentView.swift in Sources */,
				9D87481B292A54C100E994D8 /* WorkoutLogsDemoApp.swift in Sources */,
			);
			runOnlyForDeploymentPostprocessing = 0;
		};
/* End PBXSourcesBuildPhase section */

/* Begin PBXTargetDependency section */
		9D8747F9292A539000E994D8 /* PBXTargetDependency */ = {
			isa = PBXTargetDependency;
			target = 9D8747ED292A539000E994D8 /* WorkoutLogs */;
			targetProxy = 9D8747F8292A539000E994D8 /* PBXContainerItemProxy */;
		};
		9D874810292A53F600E994D8 /* PBXTargetDependency */ = {
			isa = PBXTargetDependency;
			target = 9D8747ED292A539000E994D8 /* WorkoutLogs */;
			targetProxy = 9D87480F292A53F600E994D8 /* PBXContainerItemProxy */;
		};
/* End PBXTargetDependency section */

/* Begin XCBuildConfiguration section */
		9D8747FE292A539000E994D8 /* Debug */ = {
			isa = XCBuildConfiguration;
			buildSettings = {
				ALWAYS_SEARCH_USER_PATHS = NO;
				CLANG_ANALYZER_NONNULL = YES;
				CLANG_ANALYZER_NUMBER_OBJECT_CONVERSION = YES_AGGRESSIVE;
				CLANG_CXX_LANGUAGE_STANDARD = "gnu++20";
				CLANG_ENABLE_MODULES = YES;
				CLANG_ENABLE_OBJC_ARC = YES;
				CLANG_ENABLE_OBJC_WEAK = YES;
				CLANG_WARN_BLOCK_CAPTURE_AUTORELEASING = YES;
				CLANG_WARN_BOOL_CONVERSION = YES;
				CLANG_WARN_COMMA = YES;
				CLANG_WARN_CONSTANT_CONVERSION = YES;
				CLANG_WARN_DEPRECATED_OBJC_IMPLEMENTATIONS = YES;
				CLANG_WARN_DIRECT_OBJC_ISA_USAGE = YES_ERROR;
				CLANG_WARN_DOCUMENTATION_COMMENTS = YES;
				CLANG_WARN_EMPTY_BODY = YES;
				CLANG_WARN_ENUM_CONVERSION = YES;
				CLANG_WARN_INFINITE_RECURSION = YES;
				CLANG_WARN_INT_CONVERSION = YES;
				CLANG_WARN_NON_LITERAL_NULL_CONVERSION = YES;
				CLANG_WARN_OBJC_IMPLICIT_RETAIN_SELF = YES;
				CLANG_WARN_OBJC_LITERAL_CONVERSION = YES;
				CLANG_WARN_OBJC_ROOT_CLASS = YES_ERROR;
				CLANG_WARN_QUOTED_INCLUDE_IN_FRAMEWORK_HEADER = YES;
				CLANG_WARN_RANGE_LOOP_ANALYSIS = YES;
				CLANG_WARN_STRICT_PROTOTYPES = YES;
				CLANG_WARN_SUSPICIOUS_MOVE = YES;
				CLANG_WARN_UNGUARDED_AVAILABILITY = YES_AGGRESSIVE;
				CLANG_WARN_UNREACHABLE_CODE = YES;
				CLANG_WARN__DUPLICATE_METHOD_MATCH = YES;
				COPY_PHASE_STRIP = NO;
				CURRENT_PROJECT_VERSION = 1;
				DEBUG_INFORMATION_FORMAT = dwarf;
				ENABLE_STRICT_OBJC_MSGSEND = YES;
				ENABLE_TESTABILITY = YES;
				GCC_C_LANGUAGE_STANDARD = gnu11;
				GCC_DYNAMIC_NO_PIC = NO;
				GCC_NO_COMMON_BLOCKS = YES;
				GCC_OPTIMIZATION_LEVEL = 0;
				GCC_PREPROCESSOR_DEFINITIONS = (
					"DEBUG=1",
					"$(inherited)",
				);
				GCC_WARN_64_TO_32_BIT_CONVERSION = YES;
				GCC_WARN_ABOUT_RETURN_TYPE = YES_ERROR;
				GCC_WARN_UNDECLARED_SELECTOR = YES;
				GCC_WARN_UNINITIALIZED_AUTOS = YES_AGGRESSIVE;
				GCC_WARN_UNUSED_FUNCTION = YES;
				GCC_WARN_UNUSED_VARIABLE = YES;
				IPHONEOS_DEPLOYMENT_TARGET = 16.0;
				MTL_ENABLE_DEBUG_INFO = INCLUDE_SOURCE;
				MTL_FAST_MATH = YES;
				ONLY_ACTIVE_ARCH = YES;
				SDKROOT = iphoneos;
				SWIFT_ACTIVE_COMPILATION_CONDITIONS = DEBUG;
				SWIFT_OPTIMIZATION_LEVEL = "-Onone";
				VERSIONING_SYSTEM = "apple-generic";
				VERSION_INFO_PREFIX = "";
			};
			name = Debug;
		};
		9D8747FF292A539000E994D8 /* Release */ = {
			isa = XCBuildConfiguration;
			buildSettings = {
				ALWAYS_SEARCH_USER_PATHS = NO;
				CLANG_ANALYZER_NONNULL = YES;
				CLANG_ANALYZER_NUMBER_OBJECT_CONVERSION = YES_AGGRESSIVE;
				CLANG_CXX_LANGUAGE_STANDARD = "gnu++20";
				CLANG_ENABLE_MODULES = YES;
				CLANG_ENABLE_OBJC_ARC = YES;
				CLANG_ENABLE_OBJC_WEAK = YES;
				CLANG_WARN_BLOCK_CAPTURE_AUTORELEASING = YES;
				CLANG_WARN_BOOL_CONVERSION = YES;
				CLANG_WARN_COMMA = YES;
				CLANG_WARN_CONSTANT_CONVERSION = YES;
				CLANG_WARN_DEPRECATED_OBJC_IMPLEMENTATIONS = YES;
				CLANG_WARN_DIRECT_OBJC_ISA_USAGE = YES_ERROR;
				CLANG_WARN_DOCUMENTATION_COMMENTS = YES;
				CLANG_WARN_EMPTY_BODY = YES;
				CLANG_WARN_ENUM_CONVERSION = YES;
				CLANG_WARN_INFINITE_RECURSION = YES;
				CLANG_WARN_INT_CONVERSION = YES;
				CLANG_WARN_NON_LITERAL_NULL_CONVERSION = YES;
				CLANG_WARN_OBJC_IMPLICIT_RETAIN_SELF = YES;
				CLANG_WARN_OBJC_LITERAL_CONVERSION = YES;
				CLANG_WARN_OBJC_ROOT_CLASS = YES_ERROR;
				CLANG_WARN_QUOTED_INCLUDE_IN_FRAMEWORK_HEADER = YES;
				CLANG_WARN_RANGE_LOOP_ANALYSIS = YES;
				CLANG_WARN_STRICT_PROTOTYPES = YES;
				CLANG_WARN_SUSPICIOUS_MOVE = YES;
				CLANG_WARN_UNGUARDED_AVAILABILITY = YES_AGGRESSIVE;
				CLANG_WARN_UNREACHABLE_CODE = YES;
				CLANG_WARN__DUPLICATE_METHOD_MATCH = YES;
				COPY_PHASE_STRIP = NO;
				CURRENT_PROJECT_VERSION = 1;
				DEBUG_INFORMATION_FORMAT = "dwarf-with-dsym";
				ENABLE_NS_ASSERTIONS = NO;
				ENABLE_STRICT_OBJC_MSGSEND = YES;
				GCC_C_LANGUAGE_STANDARD = gnu11;
				GCC_NO_COMMON_BLOCKS = YES;
				GCC_WARN_64_TO_32_BIT_CONVERSION = YES;
				GCC_WARN_ABOUT_RETURN_TYPE = YES_ERROR;
				GCC_WARN_UNDECLARED_SELECTOR = YES;
				GCC_WARN_UNINITIALIZED_AUTOS = YES_AGGRESSIVE;
				GCC_WARN_UNUSED_FUNCTION = YES;
				GCC_WARN_UNUSED_VARIABLE = YES;
				IPHONEOS_DEPLOYMENT_TARGET = 16.0;
				MTL_ENABLE_DEBUG_INFO = NO;
				MTL_FAST_MATH = YES;
				SDKROOT = iphoneos;
				SWIFT_COMPILATION_MODE = wholemodule;
				SWIFT_OPTIMIZATION_LEVEL = "-O";
				VALIDATE_PRODUCT = YES;
				VERSIONING_SYSTEM = "apple-generic";
				VERSION_INFO_PREFIX = "";
			};
			name = Release;
		};
		9D874801292A539000E994D8 /* Debug */ = {
			isa = XCBuildConfiguration;
			baseConfigurationReference = DE944A165DCEDD7CC5F3AEB8 /* Pods-WorkoutLogs.debug.xcconfig */;
			buildSettings = {
				CODE_SIGN_STYLE = Automatic;
				CURRENT_PROJECT_VERSION = 1;
				DEFINES_MODULE = YES;
				DEVELOPMENT_TEAM = 9JVYUSJU3D;
				DYLIB_COMPATIBILITY_VERSION = 1;
				DYLIB_CURRENT_VERSION = 1;
				DYLIB_INSTALL_NAME_BASE = "@rpath";
				GENERATE_INFOPLIST_FILE = YES;
				INFOPLIST_KEY_NSHumanReadableCopyright = "";
				INSTALL_PATH = "$(LOCAL_LIBRARY_DIR)/Frameworks";
				LD_RUNPATH_SEARCH_PATHS = (
					"$(inherited)",
					"@executable_path/Frameworks",
					"@loader_path/Frameworks",
				);
				MARKETING_VERSION = 1.0;
				PRODUCT_BUNDLE_IDENTIFIER = com.marekloose.WorkoutLogs;
				PRODUCT_NAME = "$(TARGET_NAME:c99extidentifier)";
				SKIP_INSTALL = YES;
				SWIFT_EMIT_LOC_STRINGS = YES;
				SWIFT_VERSION = 5.0;
				TARGETED_DEVICE_FAMILY = "1,2";
			};
			name = Debug;
		};
		9D874802292A539000E994D8 /* Release */ = {
			isa = XCBuildConfiguration;
			baseConfigurationReference = 3CEBBAB96E0E343C02396E81 /* Pods-WorkoutLogs.release.xcconfig */;
			buildSettings = {
				CODE_SIGN_STYLE = Automatic;
				CURRENT_PROJECT_VERSION = 1;
				DEFINES_MODULE = YES;
				DEVELOPMENT_TEAM = 9JVYUSJU3D;
				DYLIB_COMPATIBILITY_VERSION = 1;
				DYLIB_CURRENT_VERSION = 1;
				DYLIB_INSTALL_NAME_BASE = "@rpath";
				GENERATE_INFOPLIST_FILE = YES;
				INFOPLIST_KEY_NSHumanReadableCopyright = "";
				INSTALL_PATH = "$(LOCAL_LIBRARY_DIR)/Frameworks";
				LD_RUNPATH_SEARCH_PATHS = (
					"$(inherited)",
					"@executable_path/Frameworks",
					"@loader_path/Frameworks",
				);
				MARKETING_VERSION = 1.0;
				PRODUCT_BUNDLE_IDENTIFIER = com.marekloose.WorkoutLogs;
				PRODUCT_NAME = "$(TARGET_NAME:c99extidentifier)";
				SKIP_INSTALL = YES;
				SWIFT_EMIT_LOC_STRINGS = YES;
				SWIFT_VERSION = 5.0;
				TARGETED_DEVICE_FAMILY = "1,2";
			};
			name = Release;
		};
		9D874804292A539000E994D8 /* Debug */ = {
			isa = XCBuildConfiguration;
			baseConfigurationReference = 4C065AD5594313DF6D9444D3 /* Pods-WorkoutLogsTests.debug.xcconfig */;
			buildSettings = {
				CODE_SIGN_STYLE = Automatic;
				CURRENT_PROJECT_VERSION = 1;
				DEVELOPMENT_TEAM = 9JVYUSJU3D;
				GENERATE_INFOPLIST_FILE = YES;
				MARKETING_VERSION = 1.0;
				PRODUCT_BUNDLE_IDENTIFIER = com.marekloose.WorkoutLogsTests;
				PRODUCT_NAME = "$(TARGET_NAME)";
				SWIFT_EMIT_LOC_STRINGS = NO;
				SWIFT_VERSION = 5.0;
				TARGETED_DEVICE_FAMILY = "1,2";
			};
			name = Debug;
		};
		9D874805292A539000E994D8 /* Release */ = {
			isa = XCBuildConfiguration;
			baseConfigurationReference = 408236376ED6CA4DB1D704B1 /* Pods-WorkoutLogsTests.release.xcconfig */;
			buildSettings = {
				CODE_SIGN_STYLE = Automatic;
				CURRENT_PROJECT_VERSION = 1;
				DEVELOPMENT_TEAM = 9JVYUSJU3D;
				GENERATE_INFOPLIST_FILE = YES;
				MARKETING_VERSION = 1.0;
				PRODUCT_BUNDLE_IDENTIFIER = com.marekloose.WorkoutLogsTests;
				PRODUCT_NAME = "$(TARGET_NAME)";
				SWIFT_EMIT_LOC_STRINGS = NO;
				SWIFT_VERSION = 5.0;
				TARGETED_DEVICE_FAMILY = "1,2";
			};
			name = Release;
		};
		9D874812292A53F600E994D8 /* Debug */ = {
			isa = XCBuildConfiguration;
			baseConfigurationReference = FA2349AC436AC1454AD33B21 /* Pods-WorkoutLogsSnapshotTests.debug.xcconfig */;
			buildSettings = {
				CODE_SIGN_STYLE = Automatic;
				CURRENT_PROJECT_VERSION = 1;
				DEVELOPMENT_TEAM = 9JVYUSJU3D;
				GENERATE_INFOPLIST_FILE = YES;
				MARKETING_VERSION = 1.0;
				PRODUCT_BUNDLE_IDENTIFIER = com.marekloose.WorkoutLogsSnapshotTests;
				PRODUCT_NAME = "$(TARGET_NAME)";
				SWIFT_EMIT_LOC_STRINGS = NO;
				SWIFT_VERSION = 5.0;
				TARGETED_DEVICE_FAMILY = "1,2";
			};
			name = Debug;
		};
		9D874813292A53F600E994D8 /* Release */ = {
			isa = XCBuildConfiguration;
			baseConfigurationReference = B15D4067A2181E9EBDFBF0B2 /* Pods-WorkoutLogsSnapshotTests.release.xcconfig */;
			buildSettings = {
				CODE_SIGN_STYLE = Automatic;
				CURRENT_PROJECT_VERSION = 1;
				DEVELOPMENT_TEAM = 9JVYUSJU3D;
				GENERATE_INFOPLIST_FILE = YES;
				MARKETING_VERSION = 1.0;
				PRODUCT_BUNDLE_IDENTIFIER = com.marekloose.WorkoutLogsSnapshotTests;
				PRODUCT_NAME = "$(TARGET_NAME)";
				SWIFT_EMIT_LOC_STRINGS = NO;
				SWIFT_VERSION = 5.0;
				TARGETED_DEVICE_FAMILY = "1,2";
			};
			name = Release;
		};
		9D874825292A54C200E994D8 /* Debug */ = {
			isa = XCBuildConfiguration;
			baseConfigurationReference = FC567B1479EBA035872BE92E /* Pods-WorkoutLogsDemo.debug.xcconfig */;
			buildSettings = {
				ASSETCATALOG_COMPILER_APPICON_NAME = AppIcon;
				ASSETCATALOG_COMPILER_GLOBAL_ACCENT_COLOR_NAME = AccentColor;
				CODE_SIGN_ENTITLEMENTS = WorkoutLogsDemo/WorkoutLogsDemo.entitlements;
				CODE_SIGN_STYLE = Automatic;
				CURRENT_PROJECT_VERSION = 1;
				DEVELOPMENT_ASSET_PATHS = "\"WorkoutLogsDemo/Preview Content\"";
				DEVELOPMENT_TEAM = 9JVYUSJU3D;
				ENABLE_HARDENED_RUNTIME = YES;
				ENABLE_PREVIEWS = YES;
				GENERATE_INFOPLIST_FILE = YES;
				"INFOPLIST_KEY_UIApplicationSceneManifest_Generation[sdk=iphoneos*]" = YES;
				"INFOPLIST_KEY_UIApplicationSceneManifest_Generation[sdk=iphonesimulator*]" = YES;
				"INFOPLIST_KEY_UIApplicationSupportsIndirectInputEvents[sdk=iphoneos*]" = YES;
				"INFOPLIST_KEY_UIApplicationSupportsIndirectInputEvents[sdk=iphonesimulator*]" = YES;
				"INFOPLIST_KEY_UILaunchScreen_Generation[sdk=iphoneos*]" = YES;
				"INFOPLIST_KEY_UILaunchScreen_Generation[sdk=iphonesimulator*]" = YES;
				"INFOPLIST_KEY_UIStatusBarStyle[sdk=iphoneos*]" = UIStatusBarStyleDefault;
				"INFOPLIST_KEY_UIStatusBarStyle[sdk=iphonesimulator*]" = UIStatusBarStyleDefault;
				INFOPLIST_KEY_UISupportedInterfaceOrientations_iPad = "UIInterfaceOrientationPortrait UIInterfaceOrientationPortraitUpsideDown UIInterfaceOrientationLandscapeLeft UIInterfaceOrientationLandscapeRight";
				INFOPLIST_KEY_UISupportedInterfaceOrientations_iPhone = "UIInterfaceOrientationPortrait UIInterfaceOrientationLandscapeLeft UIInterfaceOrientationLandscapeRight";
				IPHONEOS_DEPLOYMENT_TARGET = 16.0;
				LD_RUNPATH_SEARCH_PATHS = "@executable_path/Frameworks";
				"LD_RUNPATH_SEARCH_PATHS[sdk=macosx*]" = "@executable_path/../Frameworks";
				MACOSX_DEPLOYMENT_TARGET = 12.3;
				MARKETING_VERSION = 1.0;
				PRODUCT_BUNDLE_IDENTIFIER = com.marekloose.WorkoutLogsDemo;
				PRODUCT_NAME = "$(TARGET_NAME)";
				SDKROOT = auto;
				SUPPORTED_PLATFORMS = "iphoneos iphonesimulator macosx";
				SWIFT_EMIT_LOC_STRINGS = YES;
				SWIFT_VERSION = 5.0;
				TARGETED_DEVICE_FAMILY = "1,2";
			};
			name = Debug;
		};
		9D874826292A54C200E994D8 /* Release */ = {
			isa = XCBuildConfiguration;
			baseConfigurationReference = 459F3D2636A73F4C45E582A0 /* Pods-WorkoutLogsDemo.release.xcconfig */;
			buildSettings = {
				ASSETCATALOG_COMPILER_APPICON_NAME = AppIcon;
				ASSETCATALOG_COMPILER_GLOBAL_ACCENT_COLOR_NAME = AccentColor;
				CODE_SIGN_ENTITLEMENTS = WorkoutLogsDemo/WorkoutLogsDemo.entitlements;
				CODE_SIGN_STYLE = Automatic;
				CURRENT_PROJECT_VERSION = 1;
				DEVELOPMENT_ASSET_PATHS = "\"WorkoutLogsDemo/Preview Content\"";
				DEVELOPMENT_TEAM = 9JVYUSJU3D;
				ENABLE_HARDENED_RUNTIME = YES;
				ENABLE_PREVIEWS = YES;
				GENERATE_INFOPLIST_FILE = YES;
				"INFOPLIST_KEY_UIApplicationSceneManifest_Generation[sdk=iphoneos*]" = YES;
				"INFOPLIST_KEY_UIApplicationSceneManifest_Generation[sdk=iphonesimulator*]" = YES;
				"INFOPLIST_KEY_UIApplicationSupportsIndirectInputEvents[sdk=iphoneos*]" = YES;
				"INFOPLIST_KEY_UIApplicationSupportsIndirectInputEvents[sdk=iphonesimulator*]" = YES;
				"INFOPLIST_KEY_UILaunchScreen_Generation[sdk=iphoneos*]" = YES;
				"INFOPLIST_KEY_UILaunchScreen_Generation[sdk=iphonesimulator*]" = YES;
				"INFOPLIST_KEY_UIStatusBarStyle[sdk=iphoneos*]" = UIStatusBarStyleDefault;
				"INFOPLIST_KEY_UIStatusBarStyle[sdk=iphonesimulator*]" = UIStatusBarStyleDefault;
				INFOPLIST_KEY_UISupportedInterfaceOrientations_iPad = "UIInterfaceOrientationPortrait UIInterfaceOrientationPortraitUpsideDown UIInterfaceOrientationLandscapeLeft UIInterfaceOrientationLandscapeRight";
				INFOPLIST_KEY_UISupportedInterfaceOrientations_iPhone = "UIInterfaceOrientationPortrait UIInterfaceOrientationLandscapeLeft UIInterfaceOrientationLandscapeRight";
				IPHONEOS_DEPLOYMENT_TARGET = 16.0;
				LD_RUNPATH_SEARCH_PATHS = "@executable_path/Frameworks";
				"LD_RUNPATH_SEARCH_PATHS[sdk=macosx*]" = "@executable_path/../Frameworks";
				MACOSX_DEPLOYMENT_TARGET = 12.3;
				MARKETING_VERSION = 1.0;
				PRODUCT_BUNDLE_IDENTIFIER = com.marekloose.WorkoutLogsDemo;
				PRODUCT_NAME = "$(TARGET_NAME)";
				SDKROOT = auto;
				SUPPORTED_PLATFORMS = "iphoneos iphonesimulator macosx";
				SWIFT_EMIT_LOC_STRINGS = YES;
				SWIFT_VERSION = 5.0;
				TARGETED_DEVICE_FAMILY = "1,2";
			};
			name = Release;
		};
/* End XCBuildConfiguration section */

/* Begin XCConfigurationList section */
		9D8747E8292A539000E994D8 /* Build configuration list for PBXProject "WorkoutLogs" */ = {
			isa = XCConfigurationList;
			buildConfigurations = (
				9D8747FE292A539000E994D8 /* Debug */,
				9D8747FF292A539000E994D8 /* Release */,
			);
			defaultConfigurationIsVisible = 0;
			defaultConfigurationName = Release;
		};
		9D874800292A539000E994D8 /* Build configuration list for PBXNativeTarget "WorkoutLogs" */ = {
			isa = XCConfigurationList;
			buildConfigurations = (
				9D874801292A539000E994D8 /* Debug */,
				9D874802292A539000E994D8 /* Release */,
			);
			defaultConfigurationIsVisible = 0;
			defaultConfigurationName = Release;
		};
		9D874803292A539000E994D8 /* Build configuration list for PBXNativeTarget "WorkoutLogsTests" */ = {
			isa = XCConfigurationList;
			buildConfigurations = (
				9D874804292A539000E994D8 /* Debug */,
				9D874805292A539000E994D8 /* Release */,
			);
			defaultConfigurationIsVisible = 0;
			defaultConfigurationName = Release;
		};
		9D874811292A53F600E994D8 /* Build configuration list for PBXNativeTarget "WorkoutLogsSnapshotTests" */ = {
			isa = XCConfigurationList;
			buildConfigurations = (
				9D874812292A53F600E994D8 /* Debug */,
				9D874813292A53F600E994D8 /* Release */,
			);
			defaultConfigurationIsVisible = 0;
			defaultConfigurationName = Release;
		};
		9D874824292A54C200E994D8 /* Build configuration list for PBXNativeTarget "WorkoutLogsDemo" */ = {
			isa = XCConfigurationList;
			buildConfigurations = (
				9D874825292A54C200E994D8 /* Debug */,
				9D874826292A54C200E994D8 /* Release */,
			);
			defaultConfigurationIsVisible = 0;
			defaultConfigurationName = Release;
		};
/* End XCConfigurationList section */
	};
	rootObject = 9D8747E5292A539000E994D8 /* Project object */;
}
